// !$*UTF8*$!
{
	archiveVersion = 1;
	classes = {
	};
	objectVersion = 46;
	objects = {

/* Begin PBXBuildFile section */
		D80F805C17B7DBAC00CC6303 /* UIViewController+Utility.m in Sources */ = {isa = PBXBuildFile; fileRef = D80F805B17B7DBAA00CC6303 /* UIViewController+Utility.m */; };
		D80F805F17B7DDEF00CC6303 /* AbstractTableViewController.m in Sources */ = {isa = PBXBuildFile; fileRef = D80F805E17B7DDEB00CC6303 /* AbstractTableViewController.m */; };
		D86BE01217BCD39A0045D2E1 /* Comment.m in Sources */ = {isa = PBXBuildFile; fileRef = D86BE01117BCD39A0045D2E1 /* Comment.m */; };
		D86BE01517BCD39A0045D2E1 /* Newsfeed.m in Sources */ = {isa = PBXBuildFile; fileRef = D86BE01417BCD39A0045D2E1 /* Newsfeed.m */; };
		D86BE02117BF90F50045D2E1 /* UserViewController.m in Sources */ = {isa = PBXBuildFile; fileRef = D86BE02017BF90F20045D2E1 /* UserViewController.m */; };
		D86BE02417BF921B0045D2E1 /* UserEditViewController.m in Sources */ = {isa = PBXBuildFile; fileRef = D86BE02317BF92190045D2E1 /* UserEditViewController.m */; };
		D86BE02D17C013BD0045D2E1 /* LandingPageViewController.m in Sources */ = {isa = PBXBuildFile; fileRef = D86BE02C17C013BA0045D2E1 /* LandingPageViewController.m */; };
		D86BE03417C0F68E0045D2E1 /* DiscoverOrganizationCell.m in Sources */ = {isa = PBXBuildFile; fileRef = D86BE03317C0F68E0045D2E1 /* DiscoverOrganizationCell.m */; };
		D86BE03717C111F40045D2E1 /* LikeCell.m in Sources */ = {isa = PBXBuildFile; fileRef = D86BE03617C111F30045D2E1 /* LikeCell.m */; };
		D86BE03A17C114520045D2E1 /* OrganizationProfileCell.m in Sources */ = {isa = PBXBuildFile; fileRef = D86BE03917C114500045D2E1 /* OrganizationProfileCell.m */; };
		D86BE04017C116010045D2E1 /* OrganizationProfileViewController.m in Sources */ = {isa = PBXBuildFile; fileRef = D86BE03F17C115FB0045D2E1 /* OrganizationProfileViewController.m */; };
		D86BE04917C2794B0045D2E1 /* User.m in Sources */ = {isa = PBXBuildFile; fileRef = D86BE04817C279490045D2E1 /* User.m */; };
		D86BE04B17C399A10045D2E1 /* AWSS3.framework in Frameworks */ = {isa = PBXBuildFile; fileRef = D86BE04A17C399A10045D2E1 /* AWSS3.framework */; };
		D86BE04D17C399DD0045D2E1 /* AWSRuntime.framework in Frameworks */ = {isa = PBXBuildFile; fileRef = D86BE04C17C399DD0045D2E1 /* AWSRuntime.framework */; };
		D86BE05617C63F2E0045D2E1 /* AmazonViewController.m in Sources */ = {isa = PBXBuildFile; fileRef = D86BE05517C63F220045D2E1 /* AmazonViewController.m */; };
		D86BE05917C65E860045D2E1 /* UploadPostCell.m in Sources */ = {isa = PBXBuildFile; fileRef = D86BE05817C65E830045D2E1 /* UploadPostCell.m */; };
		D86BE05F17C7399F0045D2E1 /* AmazonAPI.m in Sources */ = {isa = PBXBuildFile; fileRef = D86BE05E17C7399D0045D2E1 /* AmazonAPI.m */; };
		D86BE06217C876260045D2E1 /* Post.m in Sources */ = {isa = PBXBuildFile; fileRef = D86BE06117C876200045D2E1 /* Post.m */; };
		D86BE06517C876400045D2E1 /* Picture.m in Sources */ = {isa = PBXBuildFile; fileRef = D86BE06417C876390045D2E1 /* Picture.m */; };
		D86BE06817C876660045D2E1 /* Like.m in Sources */ = {isa = PBXBuildFile; fileRef = D86BE06717C8765F0045D2E1 /* Like.m */; };
		D86BE06B17C876820045D2E1 /* Organization.m in Sources */ = {isa = PBXBuildFile; fileRef = D86BE06A17C8767A0045D2E1 /* Organization.m */; };
		D86BE06E17C876B90045D2E1 /* Category.m in Sources */ = {isa = PBXBuildFile; fileRef = D86BE06D17C876B30045D2E1 /* Category.m */; };
		D8B1212717B2B21E00F68F59 /* OrganizationCategoryViewController.m in Sources */ = {isa = PBXBuildFile; fileRef = D8B1212617B2B21D00F68F59 /* OrganizationCategoryViewController.m */; };
		D8B1212917B3D08500F68F59 /* Untitled-2.png in Resources */ = {isa = PBXBuildFile; fileRef = D8B1212817B3D08500F68F59 /* Untitled-2.png */; };
		D8B1212C17B3ED0B00F68F59 /* facebookLogo.png in Resources */ = {isa = PBXBuildFile; fileRef = D8B1212A17B3ED0B00F68F59 /* facebookLogo.png */; };
		D8B1212D17B3ED0B00F68F59 /* twitterLogo.jpeg in Resources */ = {isa = PBXBuildFile; fileRef = D8B1212B17B3ED0B00F68F59 /* twitterLogo.jpeg */; };
		D8B1213017B3EDDC00F68F59 /* locationLogo.jpeg in Resources */ = {isa = PBXBuildFile; fileRef = D8B1212E17B3EDDC00F68F59 /* locationLogo.jpeg */; };
		D8B1213117B3EDDC00F68F59 /* tagLogo.jpeg in Resources */ = {isa = PBXBuildFile; fileRef = D8B1212F17B3EDDC00F68F59 /* tagLogo.jpeg */; };
		D8B1213417B3EF8200F68F59 /* animal2.jpg in Resources */ = {isa = PBXBuildFile; fileRef = D8B1213217B3EF8200F68F59 /* animal2.jpg */; };
		D8B1213517B3EF8200F68F59 /* animal1.jpg in Resources */ = {isa = PBXBuildFile; fileRef = D8B1213317B3EF8200F68F59 /* animal1.jpg */; };
		D8B1213717B3EF9B00F68F59 /* animal3.jpg in Resources */ = {isa = PBXBuildFile; fileRef = D8B1213617B3EF9B00F68F59 /* animal3.jpg */; };
		D8B1214F17B5972200F68F59 /* AbstractUserAuthenticationViewController.m in Sources */ = {isa = PBXBuildFile; fileRef = D8B1214E17B5971E00F68F59 /* AbstractUserAuthenticationViewController.m */; };
		D8B1215517B5B34000F68F59 /* OrganizationsTableViewController.m in Sources */ = {isa = PBXBuildFile; fileRef = D8B1215417B5B33F00F68F59 /* OrganizationsTableViewController.m */; };
		D8B1215817B5B4ED00F68F59 /* OrganizationAPI.m in Sources */ = {isa = PBXBuildFile; fileRef = D8B1215717B5B4EC00F68F59 /* OrganizationAPI.m */; };
		D8B1215B17B6291600F68F59 /* Organization+Create.m in Sources */ = {isa = PBXBuildFile; fileRef = D8B1215A17B6291500F68F59 /* Organization+Create.m */; };
		D8B1216A17B65DB200F68F59 /* OrganizationCell.m in Sources */ = {isa = PBXBuildFile; fileRef = D8B1216917B65DB100F68F59 /* OrganizationCell.m */; };
		D8B1217217B7AFA100F68F59 /* NewsfeedPostView.xib in Resources */ = {isa = PBXBuildFile; fileRef = D8B1217117B7AFA000F68F59 /* NewsfeedPostView.xib */; };
		D8C5EE7617AEA184008CFF51 /* UIKit.framework in Frameworks */ = {isa = PBXBuildFile; fileRef = D8C5EE7517AEA184008CFF51 /* UIKit.framework */; };
		D8C5EE7817AEA184008CFF51 /* Foundation.framework in Frameworks */ = {isa = PBXBuildFile; fileRef = D8C5EE7717AEA184008CFF51 /* Foundation.framework */; };
		D8C5EE7A17AEA184008CFF51 /* CoreGraphics.framework in Frameworks */ = {isa = PBXBuildFile; fileRef = D8C5EE7917AEA184008CFF51 /* CoreGraphics.framework */; };
		D8C5EE8017AEA184008CFF51 /* InfoPlist.strings in Resources */ = {isa = PBXBuildFile; fileRef = D8C5EE7E17AEA184008CFF51 /* InfoPlist.strings */; };
		D8C5EE8217AEA184008CFF51 /* main.m in Sources */ = {isa = PBXBuildFile; fileRef = D8C5EE8117AEA184008CFF51 /* main.m */; };
		D8C5EE8617AEA184008CFF51 /* AppDelegate.m in Sources */ = {isa = PBXBuildFile; fileRef = D8C5EE8517AEA184008CFF51 /* AppDelegate.m */; };
		D8C5EE8817AEA184008CFF51 /* Default.png in Resources */ = {isa = PBXBuildFile; fileRef = D8C5EE8717AEA184008CFF51 /* Default.png */; };
		D8C5EE8A17AEA184008CFF51 /* Default@2x.png in Resources */ = {isa = PBXBuildFile; fileRef = D8C5EE8917AEA184008CFF51 /* Default@2x.png */; };
		D8C5EE8C17AEA184008CFF51 /* Default-568h@2x.png in Resources */ = {isa = PBXBuildFile; fileRef = D8C5EE8B17AEA184008CFF51 /* Default-568h@2x.png */; };
		D8C5EEC017AEA474008CFF51 /* MKAnnotationView+WebCache.m in Sources */ = {isa = PBXBuildFile; fileRef = D8C5EEA417AEA474008CFF51 /* MKAnnotationView+WebCache.m */; };
		D8C5EEC117AEA474008CFF51 /* NSData+GIF.m in Sources */ = {isa = PBXBuildFile; fileRef = D8C5EEA617AEA474008CFF51 /* NSData+GIF.m */; };
		D8C5EEC217AEA474008CFF51 /* SDImageCache.m in Sources */ = {isa = PBXBuildFile; fileRef = D8C5EEA817AEA474008CFF51 /* SDImageCache.m */; };
		D8C5EEC317AEA474008CFF51 /* SDWebImageCompat.m in Sources */ = {isa = PBXBuildFile; fileRef = D8C5EEAA17AEA474008CFF51 /* SDWebImageCompat.m */; };
		D8C5EEC417AEA474008CFF51 /* SDWebImageDecoder.m in Sources */ = {isa = PBXBuildFile; fileRef = D8C5EEAC17AEA474008CFF51 /* SDWebImageDecoder.m */; };
		D8C5EEC517AEA474008CFF51 /* SDWebImageDownloader.m in Sources */ = {isa = PBXBuildFile; fileRef = D8C5EEAE17AEA474008CFF51 /* SDWebImageDownloader.m */; };
		D8C5EEC617AEA474008CFF51 /* SDWebImageDownloaderOperation.m in Sources */ = {isa = PBXBuildFile; fileRef = D8C5EEB017AEA474008CFF51 /* SDWebImageDownloaderOperation.m */; };
		D8C5EEC717AEA474008CFF51 /* SDWebImageManager.m in Sources */ = {isa = PBXBuildFile; fileRef = D8C5EEB217AEA474008CFF51 /* SDWebImageManager.m */; };
		D8C5EEC817AEA474008CFF51 /* SDWebImagePrefetcher.m in Sources */ = {isa = PBXBuildFile; fileRef = D8C5EEB517AEA474008CFF51 /* SDWebImagePrefetcher.m */; };
		D8C5EEC917AEA474008CFF51 /* UIButton+WebCache.m in Sources */ = {isa = PBXBuildFile; fileRef = D8C5EEB717AEA474008CFF51 /* UIButton+WebCache.m */; };
		D8C5EECA17AEA474008CFF51 /* UIImage+GIF.m in Sources */ = {isa = PBXBuildFile; fileRef = D8C5EEB917AEA474008CFF51 /* UIImage+GIF.m */; };
		D8C5EECB17AEA474008CFF51 /* UIImage+MultiFormat.m in Sources */ = {isa = PBXBuildFile; fileRef = D8C5EEBB17AEA474008CFF51 /* UIImage+MultiFormat.m */; };
		D8C5EECC17AEA474008CFF51 /* UIImage+WebP.m in Sources */ = {isa = PBXBuildFile; fileRef = D8C5EEBD17AEA474008CFF51 /* UIImage+WebP.m */; };
		D8C5EECD17AEA474008CFF51 /* UIImageView+WebCache.m in Sources */ = {isa = PBXBuildFile; fileRef = D8C5EEBF17AEA474008CFF51 /* UIImageView+WebCache.m */; };
		D8C5EEE217AEA48D008CFF51 /* AFHTTPClient.m in Sources */ = {isa = PBXBuildFile; fileRef = D8C5EED017AEA48D008CFF51 /* AFHTTPClient.m */; };
		D8C5EEE317AEA48D008CFF51 /* AFHTTPRequestOperation.m in Sources */ = {isa = PBXBuildFile; fileRef = D8C5EED217AEA48D008CFF51 /* AFHTTPRequestOperation.m */; };
		D8C5EEE417AEA48D008CFF51 /* AFImageRequestOperation.m in Sources */ = {isa = PBXBuildFile; fileRef = D8C5EED417AEA48D008CFF51 /* AFImageRequestOperation.m */; };
		D8C5EEE517AEA48D008CFF51 /* AFJSONRequestOperation.m in Sources */ = {isa = PBXBuildFile; fileRef = D8C5EED617AEA48D008CFF51 /* AFJSONRequestOperation.m */; };
		D8C5EEE617AEA48D008CFF51 /* AFNetworkActivityIndicatorManager.m in Sources */ = {isa = PBXBuildFile; fileRef = D8C5EED817AEA48D008CFF51 /* AFNetworkActivityIndicatorManager.m */; };
		D8C5EEE717AEA48D008CFF51 /* AFPropertyListRequestOperation.m in Sources */ = {isa = PBXBuildFile; fileRef = D8C5EEDB17AEA48D008CFF51 /* AFPropertyListRequestOperation.m */; };
		D8C5EEE817AEA48D008CFF51 /* AFURLConnectionOperation.m in Sources */ = {isa = PBXBuildFile; fileRef = D8C5EEDD17AEA48D008CFF51 /* AFURLConnectionOperation.m */; };
		D8C5EEE917AEA48D008CFF51 /* AFXMLRequestOperation.m in Sources */ = {isa = PBXBuildFile; fileRef = D8C5EEDF17AEA48D008CFF51 /* AFXMLRequestOperation.m */; };
		D8C5EEEA17AEA48D008CFF51 /* UIImageView+AFNetworking.m in Sources */ = {isa = PBXBuildFile; fileRef = D8C5EEE117AEA48D008CFF51 /* UIImageView+AFNetworking.m */; };
		D8C5EF3817AEA635008CFF51 /* SDWebImage.framework in Frameworks */ = {isa = PBXBuildFile; fileRef = D8C5EF3717AEA635008CFF51 /* SDWebImage.framework */; };
		D8C5EF3A17AEA6AD008CFF51 /* ImageIO.framework in Frameworks */ = {isa = PBXBuildFile; fileRef = D8C5EF3917AEA6AD008CFF51 /* ImageIO.framework */; };
		D8C5EF3C17AEA6E0008CFF51 /* SystemConfiguration.framework in Frameworks */ = {isa = PBXBuildFile; fileRef = D8C5EF3B17AEA6E0008CFF51 /* SystemConfiguration.framework */; };
		D8C5EF3E17AEA6F2008CFF51 /* CoreData.framework in Frameworks */ = {isa = PBXBuildFile; fileRef = D8C5EF3D17AEA6F2008CFF51 /* CoreData.framework */; };
		D8C5EF4017AEA708008CFF51 /* MobileCoreServices.framework in Frameworks */ = {isa = PBXBuildFile; fileRef = D8C5EF3F17AEA708008CFF51 /* MobileCoreServices.framework */; };
		D8C5EF4217AEA74E008CFF51 /* MapKit.framework in Frameworks */ = {isa = PBXBuildFile; fileRef = D8C5EF4117AEA74E008CFF51 /* MapKit.framework */; };
		D8C5EF9617AEA788008CFF51 /* AbstractViewController.m in Sources */ = {isa = PBXBuildFile; fileRef = D8C5EF4417AEA788008CFF51 /* AbstractViewController.m */; };
		D8C5EF9C17AEA788008CFF51 /* ImageBackgroundViewController.m in Sources */ = {isa = PBXBuildFile; fileRef = D8C5EF5017AEA788008CFF51 /* ImageBackgroundViewController.m */; };
		D8C5EF9D17AEA788008CFF51 /* LikesTableViewController.m in Sources */ = {isa = PBXBuildFile; fileRef = D8C5EF5217AEA788008CFF51 /* LikesTableViewController.m */; };
		D8C5EF9F17AEA788008CFF51 /* MenuViewController.m in Sources */ = {isa = PBXBuildFile; fileRef = D8C5EF5617AEA788008CFF51 /* MenuViewController.m */; };
		D8C5EFA017AEA788008CFF51 /* MoreOptionsViewController.m in Sources */ = {isa = PBXBuildFile; fileRef = D8C5EF5817AEA788008CFF51 /* MoreOptionsViewController.m */; };
		D8C5EFAB17AEA788008CFF51 /* NewsfeedTableViewController.m in Sources */ = {isa = PBXBuildFile; fileRef = D8C5EF6F17AEA788008CFF51 /* NewsfeedTableViewController.m */; };
		D8C5EFB017AEA788008CFF51 /* PostTableViewController.m in Sources */ = {isa = PBXBuildFile; fileRef = D8C5EF7917AEA788008CFF51 /* PostTableViewController.m */; };
		D8C5EFB117AEA788008CFF51 /* PostViewController.m in Sources */ = {isa = PBXBuildFile; fileRef = D8C5EF7B17AEA788008CFF51 /* PostViewController.m */; };
		D8C5EFB217AEA788008CFF51 /* SignInViewController.m in Sources */ = {isa = PBXBuildFile; fileRef = D8C5EF7D17AEA788008CFF51 /* SignInViewController.m */; };
		D8C5EFB317AEA788008CFF51 /* SignUpSignInViewController.m in Sources */ = {isa = PBXBuildFile; fileRef = D8C5EF7F17AEA788008CFF51 /* SignUpSignInViewController.m */; };
		D8C5EFB417AEA788008CFF51 /* SignUpViewController.m in Sources */ = {isa = PBXBuildFile; fileRef = D8C5EF8117AEA788008CFF51 /* SignUpViewController.m */; };
		D8C5EFB617AEA788008CFF51 /* UIResponder+Helper.m in Sources */ = {isa = PBXBuildFile; fileRef = D8C5EF8517AEA788008CFF51 /* UIResponder+Helper.m */; };
		D8C5EFB917AEA788008CFF51 /* UserSettingsViewController.m in Sources */ = {isa = PBXBuildFile; fileRef = D8C5EF8B17AEA788008CFF51 /* UserSettingsViewController.m */; };
		D8C5EFBA17AEA788008CFF51 /* UserChangePasswordViewController.m in Sources */ = {isa = PBXBuildFile; fileRef = D8C5EF8D17AEA788008CFF51 /* UserChangePasswordViewController.m */; };
		D8C5EFC817AEA7E0008CFF51 /* MoreOptionsView.xib in Resources */ = {isa = PBXBuildFile; fileRef = D8C5EFC317AEA7E0008CFF51 /* MoreOptionsView.xib */; };
		D8C5EFE517AEA9A9008CFF51 /* CategoryCell.m in Sources */ = {isa = PBXBuildFile; fileRef = D8C5EFCA17AEA9A9008CFF51 /* CategoryCell.m */; };
		D8C5EFE617AEA9A9008CFF51 /* CommentCell.m in Sources */ = {isa = PBXBuildFile; fileRef = D8C5EFCC17AEA9A9008CFF51 /* CommentCell.m */; };
		D8C5EFEA17AEA9A9008CFF51 /* MenuCell.m in Sources */ = {isa = PBXBuildFile; fileRef = D8C5EFD417AEA9A9008CFF51 /* MenuCell.m */; };
		D8C5EFEB17AEA9A9008CFF51 /* NewsfeedCell.m in Sources */ = {isa = PBXBuildFile; fileRef = D8C5EFD617AEA9A9008CFF51 /* NewsfeedCell.m */; };
		D8C5EFEE17AEA9A9008CFF51 /* NewsfeedPostView.m in Sources */ = {isa = PBXBuildFile; fileRef = D8C5EFDC17AEA9A9008CFF51 /* NewsfeedPostView.m */; };
		D8C5EFEF17AEA9A9008CFF51 /* NewsfeedView.m in Sources */ = {isa = PBXBuildFile; fileRef = D8C5EFDE17AEA9A9008CFF51 /* NewsfeedView.m */; };
		D8C5EFF217AEA9A9008CFF51 /* UserCell.m in Sources */ = {isa = PBXBuildFile; fileRef = D8C5EFE417AEA9A9008CFF51 /* UserCell.m */; };
		D8C5EFF517AEAA0E008CFF51 /* ApplicationHelper.m in Sources */ = {isa = PBXBuildFile; fileRef = D8C5EFF417AEAA0E008CFF51 /* ApplicationHelper.m */; };
		D8C5F04A17AEAA2D008CFF51 /* CategoryAPI.m in Sources */ = {isa = PBXBuildFile; fileRef = D8C5EFF817AEAA2C008CFF51 /* CategoryAPI.m */; };
		D8C5F04B17AEAA2D008CFF51 /* FeedAPI.m in Sources */ = {isa = PBXBuildFile; fileRef = D8C5EFFA17AEAA2C008CFF51 /* FeedAPI.m */; };
		D8C5F04C17AEAA2D008CFF51 /* HashtagAPI.m in Sources */ = {isa = PBXBuildFile; fileRef = D8C5EFFC17AEAA2C008CFF51 /* HashtagAPI.m */; };
		D8C5F04D17AEAA2D008CFF51 /* PostAPI.m in Sources */ = {isa = PBXBuildFile; fileRef = D8C5EFFE17AEAA2C008CFF51 /* PostAPI.m */; };
		D8C5F04E17AEAA2D008CFF51 /* UserAPI.m in Sources */ = {isa = PBXBuildFile; fileRef = D8C5F00017AEAA2C008CFF51 /* UserAPI.m */; };
		D8C5F05017AEAA2D008CFF51 /* BaseAPI.m in Sources */ = {isa = PBXBuildFile; fileRef = D8C5F00517AEAA2C008CFF51 /* BaseAPI.m */; };
		D8C5F05117AEAA2D008CFF51 /* BaseModel.m in Sources */ = {isa = PBXBuildFile; fileRef = D8C5F00717AEAA2C008CFF51 /* BaseModel.m */; };
		D8C5F05317AEAA2D008CFF51 /* Category+Create.m in Sources */ = {isa = PBXBuildFile; fileRef = D8C5F00B17AEAA2C008CFF51 /* Category+Create.m */; };
		D8C5F05517AEAA2D008CFF51 /* Comment+Create.m in Sources */ = {isa = PBXBuildFile; fileRef = D8C5F00F17AEAA2C008CFF51 /* Comment+Create.m */; };
		D8C5F05817AEAA2D008CFF51 /* CoreDataFactory.m in Sources */ = {isa = PBXBuildFile; fileRef = D8C5F01517AEAA2C008CFF51 /* CoreDataFactory.m */; };
		D8C5F05917AEAA2D008CFF51 /* CurrentUser.m in Sources */ = {isa = PBXBuildFile; fileRef = D8C5F01717AEAA2C008CFF51 /* CurrentUser.m */; };
		D8C5F05A17AEAA2D008CFF51 /* DataModel.xcdatamodeld in Sources */ = {isa = PBXBuildFile; fileRef = D8C5F01817AEAA2C008CFF51 /* DataModel.xcdatamodeld */; };
		D8C5F06017AEAA2D008CFF51 /* Like+Create.m in Sources */ = {isa = PBXBuildFile; fileRef = D8C5F02717AEAA2C008CFF51 /* Like+Create.m */; };
		D8C5F06217AEAA2D008CFF51 /* Newsfeed+Activity.m in Sources */ = {isa = PBXBuildFile; fileRef = D8C5F02B17AEAA2C008CFF51 /* Newsfeed+Activity.m */; };
		D8C5F06617AEAA2D008CFF51 /* Photo.m in Sources */ = {isa = PBXBuildFile; fileRef = D8C5F03317AEAA2C008CFF51 /* Photo.m */; };
		D8C5F06817AEAA2D008CFF51 /* Picture+Create.m in Sources */ = {isa = PBXBuildFile; fileRef = D8C5F03717AEAA2C008CFF51 /* Picture+Create.m */; };
		D8C5F06A17AEAA2D008CFF51 /* Post+Create.m in Sources */ = {isa = PBXBuildFile; fileRef = D8C5F03B17AEAA2C008CFF51 /* Post+Create.m */; };
		D8C5F06B17AEAA2D008CFF51 /* Profile.m in Sources */ = {isa = PBXBuildFile; fileRef = D8C5F03D17AEAA2C008CFF51 /* Profile.m */; };
		D8C5F06F17AEAA2D008CFF51 /* User+Create.m in Sources */ = {isa = PBXBuildFile; fileRef = D8C5F04517AEAA2D008CFF51 /* User+Create.m */; };
		D8C5F07317AED584008CFF51 /* iPhone.storyboard in Resources */ = {isa = PBXBuildFile; fileRef = D8C5F07217AED584008CFF51 /* iPhone.storyboard */; };
		D8C5F07917AED65B008CFF51 /* CoreDataTableViewController.m in Sources */ = {isa = PBXBuildFile; fileRef = D8C5F07817AED65B008CFF51 /* CoreDataTableViewController.m */; };
		D8C5F07B17AEEC31008CFF51 /* default_background.jpg in Resources */ = {isa = PBXBuildFile; fileRef = D8C5F07A17AEEC31008CFF51 /* default_background.jpg */; };
		D8C5F07F17AFEDF2008CFF51 /* SignUpTableController.m in Sources */ = {isa = PBXBuildFile; fileRef = D8C5F07E17AFEDF0008CFF51 /* SignUpTableController.m */; };
		D8C5F08217B04C4C008CFF51 /* SignInTableController.m in Sources */ = {isa = PBXBuildFile; fileRef = D8C5F08117B04C4A008CFF51 /* SignInTableController.m */; };
		D8EB950D17B81FB300D47D54 /* NewPostCaptionViewController.m in Sources */ = {isa = PBXBuildFile; fileRef = D8EB950C17B81FB200D47D54 /* NewPostCaptionViewController.m */; };
		D8EB950F17B827AC00D47D54 /* tumblr_mlxvr2nHZc1rpcrx8o1_1280.jpg in Resources */ = {isa = PBXBuildFile; fileRef = D8EB950E17B827AC00D47D54 /* tumblr_mlxvr2nHZc1rpcrx8o1_1280.jpg */; };
		D8EB951817B923E400D47D54 /* AAMLabel.m in Sources */ = {isa = PBXBuildFile; fileRef = D8EB951717B923E400D47D54 /* AAMLabel.m */; };
		D8EB951E17BB9DBA00D47D54 /* UserProfileViewController.m in Sources */ = {isa = PBXBuildFile; fileRef = D8EB951D17BB9DBA00D47D54 /* UserProfileViewController.m */; };
/* End PBXBuildFile section */

/* Begin PBXFileReference section */
		D80F805A17B7DBA800CC6303 /* UIViewController+Utility.h */ = {isa = PBXFileReference; fileEncoding = 4; lastKnownFileType = sourcecode.c.h; path = "UIViewController+Utility.h"; sourceTree = "<group>"; };
		D80F805B17B7DBAA00CC6303 /* UIViewController+Utility.m */ = {isa = PBXFileReference; fileEncoding = 4; lastKnownFileType = sourcecode.c.objc; path = "UIViewController+Utility.m"; sourceTree = "<group>"; };
		D80F805D17B7DDE300CC6303 /* AbstractTableViewController.h */ = {isa = PBXFileReference; fileEncoding = 4; lastKnownFileType = sourcecode.c.h; path = AbstractTableViewController.h; sourceTree = "<group>"; };
		D80F805E17B7DDEB00CC6303 /* AbstractTableViewController.m */ = {isa = PBXFileReference; fileEncoding = 4; lastKnownFileType = sourcecode.c.objc; path = AbstractTableViewController.m; sourceTree = "<group>"; };
		D86BE01017BCD39A0045D2E1 /* Comment.h */ = {isa = PBXFileReference; fileEncoding = 4; lastKnownFileType = sourcecode.c.h; path = Comment.h; sourceTree = "<group>"; };
		D86BE01117BCD39A0045D2E1 /* Comment.m */ = {isa = PBXFileReference; fileEncoding = 4; lastKnownFileType = sourcecode.c.objc; path = Comment.m; sourceTree = "<group>"; };
		D86BE01317BCD39A0045D2E1 /* Newsfeed.h */ = {isa = PBXFileReference; fileEncoding = 4; lastKnownFileType = sourcecode.c.h; path = Newsfeed.h; sourceTree = "<group>"; };
		D86BE01417BCD39A0045D2E1 /* Newsfeed.m */ = {isa = PBXFileReference; fileEncoding = 4; lastKnownFileType = sourcecode.c.objc; path = Newsfeed.m; sourceTree = "<group>"; };
		D86BE01F17BF90F00045D2E1 /* UserViewController.h */ = {isa = PBXFileReference; fileEncoding = 4; lastKnownFileType = sourcecode.c.h; path = UserViewController.h; sourceTree = "<group>"; };
		D86BE02017BF90F20045D2E1 /* UserViewController.m */ = {isa = PBXFileReference; fileEncoding = 4; lastKnownFileType = sourcecode.c.objc; path = UserViewController.m; sourceTree = "<group>"; };
		D86BE02217BF92170045D2E1 /* UserEditViewController.h */ = {isa = PBXFileReference; fileEncoding = 4; lastKnownFileType = sourcecode.c.h; path = UserEditViewController.h; sourceTree = "<group>"; };
		D86BE02317BF92190045D2E1 /* UserEditViewController.m */ = {isa = PBXFileReference; fileEncoding = 4; lastKnownFileType = sourcecode.c.objc; path = UserEditViewController.m; sourceTree = "<group>"; };
		D86BE02B17C013B80045D2E1 /* LandingPageViewController.h */ = {isa = PBXFileReference; fileEncoding = 4; lastKnownFileType = sourcecode.c.h; path = LandingPageViewController.h; sourceTree = "<group>"; };
		D86BE02C17C013BA0045D2E1 /* LandingPageViewController.m */ = {isa = PBXFileReference; fileEncoding = 4; lastKnownFileType = sourcecode.c.objc; path = LandingPageViewController.m; sourceTree = "<group>"; };
		D86BE03217C0F68D0045D2E1 /* DiscoverOrganizationCell.h */ = {isa = PBXFileReference; fileEncoding = 4; lastKnownFileType = sourcecode.c.h; path = DiscoverOrganizationCell.h; sourceTree = "<group>"; };
		D86BE03317C0F68E0045D2E1 /* DiscoverOrganizationCell.m */ = {isa = PBXFileReference; fileEncoding = 4; lastKnownFileType = sourcecode.c.objc; path = DiscoverOrganizationCell.m; sourceTree = "<group>"; };
		D86BE03517C111F20045D2E1 /* LikeCell.h */ = {isa = PBXFileReference; fileEncoding = 4; lastKnownFileType = sourcecode.c.h; path = LikeCell.h; sourceTree = "<group>"; };
		D86BE03617C111F30045D2E1 /* LikeCell.m */ = {isa = PBXFileReference; fileEncoding = 4; lastKnownFileType = sourcecode.c.objc; path = LikeCell.m; sourceTree = "<group>"; };
		D86BE03817C1144F0045D2E1 /* OrganizationProfileCell.h */ = {isa = PBXFileReference; fileEncoding = 4; lastKnownFileType = sourcecode.c.h; path = OrganizationProfileCell.h; sourceTree = "<group>"; };
		D86BE03917C114500045D2E1 /* OrganizationProfileCell.m */ = {isa = PBXFileReference; fileEncoding = 4; lastKnownFileType = sourcecode.c.objc; path = OrganizationProfileCell.m; sourceTree = "<group>"; };
		D86BE03E17C115F80045D2E1 /* OrganizationProfileViewController.h */ = {isa = PBXFileReference; fileEncoding = 4; lastKnownFileType = sourcecode.c.h; path = OrganizationProfileViewController.h; sourceTree = "<group>"; };
		D86BE03F17C115FB0045D2E1 /* OrganizationProfileViewController.m */ = {isa = PBXFileReference; fileEncoding = 4; lastKnownFileType = sourcecode.c.objc; path = OrganizationProfileViewController.m; sourceTree = "<group>"; };
		D86BE04717C279450045D2E1 /* User.h */ = {isa = PBXFileReference; fileEncoding = 4; lastKnownFileType = sourcecode.c.h; path = User.h; sourceTree = "<group>"; };
		D86BE04817C279490045D2E1 /* User.m */ = {isa = PBXFileReference; fileEncoding = 4; lastKnownFileType = sourcecode.c.objc; path = User.m; sourceTree = "<group>"; };
		D86BE04A17C399A10045D2E1 /* AWSS3.framework */ = {isa = PBXFileReference; lastKnownFileType = wrapper.framework; path = AWSS3.framework; sourceTree = "<group>"; };
		D86BE04C17C399DD0045D2E1 /* AWSRuntime.framework */ = {isa = PBXFileReference; lastKnownFileType = wrapper.framework; path = AWSRuntime.framework; sourceTree = "<group>"; };
		D86BE05417C63F1C0045D2E1 /* AmazonViewController.h */ = {isa = PBXFileReference; fileEncoding = 4; lastKnownFileType = sourcecode.c.h; path = AmazonViewController.h; sourceTree = "<group>"; };
		D86BE05517C63F220045D2E1 /* AmazonViewController.m */ = {isa = PBXFileReference; fileEncoding = 4; lastKnownFileType = sourcecode.c.objc; path = AmazonViewController.m; sourceTree = "<group>"; };
		D86BE05717C65E800045D2E1 /* UploadPostCell.h */ = {isa = PBXFileReference; fileEncoding = 4; lastKnownFileType = sourcecode.c.h; path = UploadPostCell.h; sourceTree = "<group>"; };
		D86BE05817C65E830045D2E1 /* UploadPostCell.m */ = {isa = PBXFileReference; fileEncoding = 4; lastKnownFileType = sourcecode.c.objc; path = UploadPostCell.m; sourceTree = "<group>"; };
		D86BE05D17C7399B0045D2E1 /* AmazonAPI.h */ = {isa = PBXFileReference; fileEncoding = 4; lastKnownFileType = sourcecode.c.h; path = AmazonAPI.h; sourceTree = "<group>"; };
		D86BE05E17C7399D0045D2E1 /* AmazonAPI.m */ = {isa = PBXFileReference; fileEncoding = 4; lastKnownFileType = sourcecode.c.objc; path = AmazonAPI.m; sourceTree = "<group>"; };
		D86BE06017C876180045D2E1 /* Post.h */ = {isa = PBXFileReference; fileEncoding = 4; lastKnownFileType = sourcecode.c.h; path = Post.h; sourceTree = "<group>"; };
		D86BE06117C876200045D2E1 /* Post.m */ = {isa = PBXFileReference; fileEncoding = 4; lastKnownFileType = sourcecode.c.objc; path = Post.m; sourceTree = "<group>"; };
		D86BE06317C876330045D2E1 /* Picture.h */ = {isa = PBXFileReference; fileEncoding = 4; lastKnownFileType = sourcecode.c.h; path = Picture.h; sourceTree = "<group>"; };
		D86BE06417C876390045D2E1 /* Picture.m */ = {isa = PBXFileReference; fileEncoding = 4; lastKnownFileType = sourcecode.c.objc; path = Picture.m; sourceTree = "<group>"; };
		D86BE06617C876570045D2E1 /* Like.h */ = {isa = PBXFileReference; fileEncoding = 4; lastKnownFileType = sourcecode.c.h; path = Like.h; sourceTree = "<group>"; };
		D86BE06717C8765F0045D2E1 /* Like.m */ = {isa = PBXFileReference; fileEncoding = 4; lastKnownFileType = sourcecode.c.objc; path = Like.m; sourceTree = "<group>"; };
		D86BE06917C876720045D2E1 /* Organization.h */ = {isa = PBXFileReference; fileEncoding = 4; lastKnownFileType = sourcecode.c.h; path = Organization.h; sourceTree = "<group>"; };
		D86BE06A17C8767A0045D2E1 /* Organization.m */ = {isa = PBXFileReference; fileEncoding = 4; lastKnownFileType = sourcecode.c.objc; path = Organization.m; sourceTree = "<group>"; };
		D86BE06C17C876AC0045D2E1 /* Category.h */ = {isa = PBXFileReference; fileEncoding = 4; lastKnownFileType = sourcecode.c.h; path = Category.h; sourceTree = "<group>"; };
		D86BE06D17C876B30045D2E1 /* Category.m */ = {isa = PBXFileReference; fileEncoding = 4; lastKnownFileType = sourcecode.c.objc; path = Category.m; sourceTree = "<group>"; };
		D8B1212517B2B21D00F68F59 /* OrganizationCategoryViewController.h */ = {isa = PBXFileReference; fileEncoding = 4; lastKnownFileType = sourcecode.c.h; path = OrganizationCategoryViewController.h; sourceTree = "<group>"; };
		D8B1212617B2B21D00F68F59 /* OrganizationCategoryViewController.m */ = {isa = PBXFileReference; fileEncoding = 4; lastKnownFileType = sourcecode.c.objc; path = OrganizationCategoryViewController.m; sourceTree = "<group>"; };
		D8B1212817B3D08500F68F59 /* Untitled-2.png */ = {isa = PBXFileReference; lastKnownFileType = image.png; path = "Untitled-2.png"; sourceTree = "<group>"; };
		D8B1212A17B3ED0B00F68F59 /* facebookLogo.png */ = {isa = PBXFileReference; lastKnownFileType = image.png; path = facebookLogo.png; sourceTree = "<group>"; };
		D8B1212B17B3ED0B00F68F59 /* twitterLogo.jpeg */ = {isa = PBXFileReference; lastKnownFileType = image.jpeg; path = twitterLogo.jpeg; sourceTree = "<group>"; };
		D8B1212E17B3EDDC00F68F59 /* locationLogo.jpeg */ = {isa = PBXFileReference; lastKnownFileType = image.jpeg; path = locationLogo.jpeg; sourceTree = "<group>"; };
		D8B1212F17B3EDDC00F68F59 /* tagLogo.jpeg */ = {isa = PBXFileReference; lastKnownFileType = image.jpeg; path = tagLogo.jpeg; sourceTree = "<group>"; };
		D8B1213217B3EF8200F68F59 /* animal2.jpg */ = {isa = PBXFileReference; lastKnownFileType = image.jpeg; path = animal2.jpg; sourceTree = "<group>"; };
		D8B1213317B3EF8200F68F59 /* animal1.jpg */ = {isa = PBXFileReference; lastKnownFileType = image.jpeg; path = animal1.jpg; sourceTree = "<group>"; };
		D8B1213617B3EF9B00F68F59 /* animal3.jpg */ = {isa = PBXFileReference; lastKnownFileType = image.jpeg; path = animal3.jpg; sourceTree = "<group>"; };
		D8B1214D17B5971D00F68F59 /* AbstractUserAuthenticationViewController.h */ = {isa = PBXFileReference; fileEncoding = 4; lastKnownFileType = sourcecode.c.h; path = AbstractUserAuthenticationViewController.h; sourceTree = "<group>"; };
		D8B1214E17B5971E00F68F59 /* AbstractUserAuthenticationViewController.m */ = {isa = PBXFileReference; fileEncoding = 4; lastKnownFileType = sourcecode.c.objc; path = AbstractUserAuthenticationViewController.m; sourceTree = "<group>"; };
		D8B1215317B5B33D00F68F59 /* OrganizationsTableViewController.h */ = {isa = PBXFileReference; fileEncoding = 4; lastKnownFileType = sourcecode.c.h; path = OrganizationsTableViewController.h; sourceTree = "<group>"; };
		D8B1215417B5B33F00F68F59 /* OrganizationsTableViewController.m */ = {isa = PBXFileReference; fileEncoding = 4; lastKnownFileType = sourcecode.c.objc; path = OrganizationsTableViewController.m; sourceTree = "<group>"; };
		D8B1215617B5B4EC00F68F59 /* OrganizationAPI.h */ = {isa = PBXFileReference; fileEncoding = 4; lastKnownFileType = sourcecode.c.h; path = OrganizationAPI.h; sourceTree = "<group>"; };
		D8B1215717B5B4EC00F68F59 /* OrganizationAPI.m */ = {isa = PBXFileReference; fileEncoding = 4; lastKnownFileType = sourcecode.c.objc; path = OrganizationAPI.m; sourceTree = "<group>"; };
		D8B1215917B6291400F68F59 /* Organization+Create.h */ = {isa = PBXFileReference; fileEncoding = 4; lastKnownFileType = sourcecode.c.h; path = "Organization+Create.h"; sourceTree = "<group>"; };
		D8B1215A17B6291500F68F59 /* Organization+Create.m */ = {isa = PBXFileReference; fileEncoding = 4; lastKnownFileType = sourcecode.c.objc; path = "Organization+Create.m"; sourceTree = "<group>"; };
		D8B1216817B65DB100F68F59 /* OrganizationCell.h */ = {isa = PBXFileReference; fileEncoding = 4; lastKnownFileType = sourcecode.c.h; path = OrganizationCell.h; sourceTree = "<group>"; };
		D8B1216917B65DB100F68F59 /* OrganizationCell.m */ = {isa = PBXFileReference; fileEncoding = 4; lastKnownFileType = sourcecode.c.objc; path = OrganizationCell.m; sourceTree = "<group>"; };
		D8B1217117B7AFA000F68F59 /* NewsfeedPostView.xib */ = {isa = PBXFileReference; fileEncoding = 4; lastKnownFileType = file.xib; path = NewsfeedPostView.xib; sourceTree = "<group>"; };
		D8C5EE7217AEA184008CFF51 /* GoodAroundMe.app */ = {isa = PBXFileReference; explicitFileType = wrapper.application; includeInIndex = 0; path = GoodAroundMe.app; sourceTree = BUILT_PRODUCTS_DIR; };
		D8C5EE7517AEA184008CFF51 /* UIKit.framework */ = {isa = PBXFileReference; lastKnownFileType = wrapper.framework; name = UIKit.framework; path = System/Library/Frameworks/UIKit.framework; sourceTree = SDKROOT; };
		D8C5EE7717AEA184008CFF51 /* Foundation.framework */ = {isa = PBXFileReference; lastKnownFileType = wrapper.framework; name = Foundation.framework; path = System/Library/Frameworks/Foundation.framework; sourceTree = SDKROOT; };
		D8C5EE7917AEA184008CFF51 /* CoreGraphics.framework */ = {isa = PBXFileReference; lastKnownFileType = wrapper.framework; name = CoreGraphics.framework; path = System/Library/Frameworks/CoreGraphics.framework; sourceTree = SDKROOT; };
		D8C5EE7D17AEA184008CFF51 /* GoodAroundMe-Info.plist */ = {isa = PBXFileReference; lastKnownFileType = text.plist.xml; path = "GoodAroundMe-Info.plist"; sourceTree = "<group>"; };
		D8C5EE7F17AEA184008CFF51 /* en */ = {isa = PBXFileReference; lastKnownFileType = text.plist.strings; name = en; path = en.lproj/InfoPlist.strings; sourceTree = "<group>"; };
		D8C5EE8117AEA184008CFF51 /* main.m */ = {isa = PBXFileReference; lastKnownFileType = sourcecode.c.objc; path = main.m; sourceTree = "<group>"; };
		D8C5EE8317AEA184008CFF51 /* GoodAroundMe-Prefix.pch */ = {isa = PBXFileReference; lastKnownFileType = sourcecode.c.h; path = "GoodAroundMe-Prefix.pch"; sourceTree = "<group>"; };
		D8C5EE8417AEA184008CFF51 /* AppDelegate.h */ = {isa = PBXFileReference; lastKnownFileType = sourcecode.c.h; name = AppDelegate.h; path = ../AppDelegate.h; sourceTree = "<group>"; };
		D8C5EE8517AEA184008CFF51 /* AppDelegate.m */ = {isa = PBXFileReference; lastKnownFileType = sourcecode.c.objc; name = AppDelegate.m; path = ../AppDelegate.m; sourceTree = "<group>"; };
		D8C5EE8717AEA184008CFF51 /* Default.png */ = {isa = PBXFileReference; lastKnownFileType = image.png; name = Default.png; path = ../Default.png; sourceTree = "<group>"; };
		D8C5EE8917AEA184008CFF51 /* Default@2x.png */ = {isa = PBXFileReference; lastKnownFileType = image.png; name = "Default@2x.png"; path = "../Default@2x.png"; sourceTree = "<group>"; };
		D8C5EE8B17AEA184008CFF51 /* Default-568h@2x.png */ = {isa = PBXFileReference; lastKnownFileType = image.png; name = "Default-568h@2x.png"; path = "../Default-568h@2x.png"; sourceTree = "<group>"; };
		D8C5EEA317AEA474008CFF51 /* MKAnnotationView+WebCache.h */ = {isa = PBXFileReference; fileEncoding = 4; lastKnownFileType = sourcecode.c.h; path = "MKAnnotationView+WebCache.h"; sourceTree = "<group>"; };
		D8C5EEA417AEA474008CFF51 /* MKAnnotationView+WebCache.m */ = {isa = PBXFileReference; fileEncoding = 4; lastKnownFileType = sourcecode.c.objc; path = "MKAnnotationView+WebCache.m"; sourceTree = "<group>"; };
		D8C5EEA517AEA474008CFF51 /* NSData+GIF.h */ = {isa = PBXFileReference; fileEncoding = 4; lastKnownFileType = sourcecode.c.h; path = "NSData+GIF.h"; sourceTree = "<group>"; };
		D8C5EEA617AEA474008CFF51 /* NSData+GIF.m */ = {isa = PBXFileReference; fileEncoding = 4; lastKnownFileType = sourcecode.c.objc; path = "NSData+GIF.m"; sourceTree = "<group>"; };
		D8C5EEA717AEA474008CFF51 /* SDImageCache.h */ = {isa = PBXFileReference; fileEncoding = 4; lastKnownFileType = sourcecode.c.h; path = SDImageCache.h; sourceTree = "<group>"; };
		D8C5EEA817AEA474008CFF51 /* SDImageCache.m */ = {isa = PBXFileReference; fileEncoding = 4; lastKnownFileType = sourcecode.c.objc; path = SDImageCache.m; sourceTree = "<group>"; };
		D8C5EEA917AEA474008CFF51 /* SDWebImageCompat.h */ = {isa = PBXFileReference; fileEncoding = 4; lastKnownFileType = sourcecode.c.h; path = SDWebImageCompat.h; sourceTree = "<group>"; };
		D8C5EEAA17AEA474008CFF51 /* SDWebImageCompat.m */ = {isa = PBXFileReference; fileEncoding = 4; lastKnownFileType = sourcecode.c.objc; path = SDWebImageCompat.m; sourceTree = "<group>"; };
		D8C5EEAB17AEA474008CFF51 /* SDWebImageDecoder.h */ = {isa = PBXFileReference; fileEncoding = 4; lastKnownFileType = sourcecode.c.h; path = SDWebImageDecoder.h; sourceTree = "<group>"; };
		D8C5EEAC17AEA474008CFF51 /* SDWebImageDecoder.m */ = {isa = PBXFileReference; fileEncoding = 4; lastKnownFileType = sourcecode.c.objc; path = SDWebImageDecoder.m; sourceTree = "<group>"; };
		D8C5EEAD17AEA474008CFF51 /* SDWebImageDownloader.h */ = {isa = PBXFileReference; fileEncoding = 4; lastKnownFileType = sourcecode.c.h; path = SDWebImageDownloader.h; sourceTree = "<group>"; };
		D8C5EEAE17AEA474008CFF51 /* SDWebImageDownloader.m */ = {isa = PBXFileReference; fileEncoding = 4; lastKnownFileType = sourcecode.c.objc; path = SDWebImageDownloader.m; sourceTree = "<group>"; };
		D8C5EEAF17AEA474008CFF51 /* SDWebImageDownloaderOperation.h */ = {isa = PBXFileReference; fileEncoding = 4; lastKnownFileType = sourcecode.c.h; path = SDWebImageDownloaderOperation.h; sourceTree = "<group>"; };
		D8C5EEB017AEA474008CFF51 /* SDWebImageDownloaderOperation.m */ = {isa = PBXFileReference; fileEncoding = 4; lastKnownFileType = sourcecode.c.objc; path = SDWebImageDownloaderOperation.m; sourceTree = "<group>"; };
		D8C5EEB117AEA474008CFF51 /* SDWebImageManager.h */ = {isa = PBXFileReference; fileEncoding = 4; lastKnownFileType = sourcecode.c.h; path = SDWebImageManager.h; sourceTree = "<group>"; };
		D8C5EEB217AEA474008CFF51 /* SDWebImageManager.m */ = {isa = PBXFileReference; fileEncoding = 4; lastKnownFileType = sourcecode.c.objc; path = SDWebImageManager.m; sourceTree = "<group>"; };
		D8C5EEB317AEA474008CFF51 /* SDWebImageOperation.h */ = {isa = PBXFileReference; fileEncoding = 4; lastKnownFileType = sourcecode.c.h; path = SDWebImageOperation.h; sourceTree = "<group>"; };
		D8C5EEB417AEA474008CFF51 /* SDWebImagePrefetcher.h */ = {isa = PBXFileReference; fileEncoding = 4; lastKnownFileType = sourcecode.c.h; path = SDWebImagePrefetcher.h; sourceTree = "<group>"; };
		D8C5EEB517AEA474008CFF51 /* SDWebImagePrefetcher.m */ = {isa = PBXFileReference; fileEncoding = 4; lastKnownFileType = sourcecode.c.objc; path = SDWebImagePrefetcher.m; sourceTree = "<group>"; };
		D8C5EEB617AEA474008CFF51 /* UIButton+WebCache.h */ = {isa = PBXFileReference; fileEncoding = 4; lastKnownFileType = sourcecode.c.h; path = "UIButton+WebCache.h"; sourceTree = "<group>"; };
		D8C5EEB717AEA474008CFF51 /* UIButton+WebCache.m */ = {isa = PBXFileReference; fileEncoding = 4; lastKnownFileType = sourcecode.c.objc; path = "UIButton+WebCache.m"; sourceTree = "<group>"; };
		D8C5EEB817AEA474008CFF51 /* UIImage+GIF.h */ = {isa = PBXFileReference; fileEncoding = 4; lastKnownFileType = sourcecode.c.h; path = "UIImage+GIF.h"; sourceTree = "<group>"; };
		D8C5EEB917AEA474008CFF51 /* UIImage+GIF.m */ = {isa = PBXFileReference; fileEncoding = 4; lastKnownFileType = sourcecode.c.objc; path = "UIImage+GIF.m"; sourceTree = "<group>"; };
		D8C5EEBA17AEA474008CFF51 /* UIImage+MultiFormat.h */ = {isa = PBXFileReference; fileEncoding = 4; lastKnownFileType = sourcecode.c.h; path = "UIImage+MultiFormat.h"; sourceTree = "<group>"; };
		D8C5EEBB17AEA474008CFF51 /* UIImage+MultiFormat.m */ = {isa = PBXFileReference; fileEncoding = 4; lastKnownFileType = sourcecode.c.objc; path = "UIImage+MultiFormat.m"; sourceTree = "<group>"; };
		D8C5EEBC17AEA474008CFF51 /* UIImage+WebP.h */ = {isa = PBXFileReference; fileEncoding = 4; lastKnownFileType = sourcecode.c.h; path = "UIImage+WebP.h"; sourceTree = "<group>"; };
		D8C5EEBD17AEA474008CFF51 /* UIImage+WebP.m */ = {isa = PBXFileReference; fileEncoding = 4; lastKnownFileType = sourcecode.c.objc; path = "UIImage+WebP.m"; sourceTree = "<group>"; };
		D8C5EEBE17AEA474008CFF51 /* UIImageView+WebCache.h */ = {isa = PBXFileReference; fileEncoding = 4; lastKnownFileType = sourcecode.c.h; path = "UIImageView+WebCache.h"; sourceTree = "<group>"; };
		D8C5EEBF17AEA474008CFF51 /* UIImageView+WebCache.m */ = {isa = PBXFileReference; fileEncoding = 4; lastKnownFileType = sourcecode.c.objc; path = "UIImageView+WebCache.m"; sourceTree = "<group>"; };
		D8C5EECF17AEA48D008CFF51 /* AFHTTPClient.h */ = {isa = PBXFileReference; fileEncoding = 4; lastKnownFileType = sourcecode.c.h; path = AFHTTPClient.h; sourceTree = "<group>"; };
		D8C5EED017AEA48D008CFF51 /* AFHTTPClient.m */ = {isa = PBXFileReference; fileEncoding = 4; lastKnownFileType = sourcecode.c.objc; path = AFHTTPClient.m; sourceTree = "<group>"; };
		D8C5EED117AEA48D008CFF51 /* AFHTTPRequestOperation.h */ = {isa = PBXFileReference; fileEncoding = 4; lastKnownFileType = sourcecode.c.h; path = AFHTTPRequestOperation.h; sourceTree = "<group>"; };
		D8C5EED217AEA48D008CFF51 /* AFHTTPRequestOperation.m */ = {isa = PBXFileReference; fileEncoding = 4; lastKnownFileType = sourcecode.c.objc; path = AFHTTPRequestOperation.m; sourceTree = "<group>"; };
		D8C5EED317AEA48D008CFF51 /* AFImageRequestOperation.h */ = {isa = PBXFileReference; fileEncoding = 4; lastKnownFileType = sourcecode.c.h; path = AFImageRequestOperation.h; sourceTree = "<group>"; };
		D8C5EED417AEA48D008CFF51 /* AFImageRequestOperation.m */ = {isa = PBXFileReference; fileEncoding = 4; lastKnownFileType = sourcecode.c.objc; path = AFImageRequestOperation.m; sourceTree = "<group>"; };
		D8C5EED517AEA48D008CFF51 /* AFJSONRequestOperation.h */ = {isa = PBXFileReference; fileEncoding = 4; lastKnownFileType = sourcecode.c.h; path = AFJSONRequestOperation.h; sourceTree = "<group>"; };
		D8C5EED617AEA48D008CFF51 /* AFJSONRequestOperation.m */ = {isa = PBXFileReference; fileEncoding = 4; lastKnownFileType = sourcecode.c.objc; path = AFJSONRequestOperation.m; sourceTree = "<group>"; };
		D8C5EED717AEA48D008CFF51 /* AFNetworkActivityIndicatorManager.h */ = {isa = PBXFileReference; fileEncoding = 4; lastKnownFileType = sourcecode.c.h; path = AFNetworkActivityIndicatorManager.h; sourceTree = "<group>"; };
		D8C5EED817AEA48D008CFF51 /* AFNetworkActivityIndicatorManager.m */ = {isa = PBXFileReference; fileEncoding = 4; lastKnownFileType = sourcecode.c.objc; path = AFNetworkActivityIndicatorManager.m; sourceTree = "<group>"; };
		D8C5EED917AEA48D008CFF51 /* AFNetworking.h */ = {isa = PBXFileReference; fileEncoding = 4; lastKnownFileType = sourcecode.c.h; path = AFNetworking.h; sourceTree = "<group>"; };
		D8C5EEDA17AEA48D008CFF51 /* AFPropertyListRequestOperation.h */ = {isa = PBXFileReference; fileEncoding = 4; lastKnownFileType = sourcecode.c.h; path = AFPropertyListRequestOperation.h; sourceTree = "<group>"; };
		D8C5EEDB17AEA48D008CFF51 /* AFPropertyListRequestOperation.m */ = {isa = PBXFileReference; fileEncoding = 4; lastKnownFileType = sourcecode.c.objc; path = AFPropertyListRequestOperation.m; sourceTree = "<group>"; };
		D8C5EEDC17AEA48D008CFF51 /* AFURLConnectionOperation.h */ = {isa = PBXFileReference; fileEncoding = 4; lastKnownFileType = sourcecode.c.h; path = AFURLConnectionOperation.h; sourceTree = "<group>"; };
		D8C5EEDD17AEA48D008CFF51 /* AFURLConnectionOperation.m */ = {isa = PBXFileReference; fileEncoding = 4; lastKnownFileType = sourcecode.c.objc; path = AFURLConnectionOperation.m; sourceTree = "<group>"; };
		D8C5EEDE17AEA48D008CFF51 /* AFXMLRequestOperation.h */ = {isa = PBXFileReference; fileEncoding = 4; lastKnownFileType = sourcecode.c.h; path = AFXMLRequestOperation.h; sourceTree = "<group>"; };
		D8C5EEDF17AEA48D008CFF51 /* AFXMLRequestOperation.m */ = {isa = PBXFileReference; fileEncoding = 4; lastKnownFileType = sourcecode.c.objc; path = AFXMLRequestOperation.m; sourceTree = "<group>"; };
		D8C5EEE017AEA48D008CFF51 /* UIImageView+AFNetworking.h */ = {isa = PBXFileReference; fileEncoding = 4; lastKnownFileType = sourcecode.c.h; path = "UIImageView+AFNetworking.h"; sourceTree = "<group>"; };
		D8C5EEE117AEA48D008CFF51 /* UIImageView+AFNetworking.m */ = {isa = PBXFileReference; fileEncoding = 4; lastKnownFileType = sourcecode.c.objc; path = "UIImageView+AFNetworking.m"; sourceTree = "<group>"; };
		D8C5EF3717AEA635008CFF51 /* SDWebImage.framework */ = {isa = PBXFileReference; lastKnownFileType = wrapper.framework; name = SDWebImage.framework; path = GoodAroundMe/Classes/Lib/SDWebImage.framework; sourceTree = "<group>"; };
		D8C5EF3917AEA6AD008CFF51 /* ImageIO.framework */ = {isa = PBXFileReference; lastKnownFileType = wrapper.framework; name = ImageIO.framework; path = System/Library/Frameworks/ImageIO.framework; sourceTree = SDKROOT; };
		D8C5EF3B17AEA6E0008CFF51 /* SystemConfiguration.framework */ = {isa = PBXFileReference; lastKnownFileType = wrapper.framework; name = SystemConfiguration.framework; path = System/Library/Frameworks/SystemConfiguration.framework; sourceTree = SDKROOT; };
		D8C5EF3D17AEA6F2008CFF51 /* CoreData.framework */ = {isa = PBXFileReference; lastKnownFileType = wrapper.framework; name = CoreData.framework; path = System/Library/Frameworks/CoreData.framework; sourceTree = SDKROOT; };
		D8C5EF3F17AEA708008CFF51 /* MobileCoreServices.framework */ = {isa = PBXFileReference; lastKnownFileType = wrapper.framework; name = MobileCoreServices.framework; path = System/Library/Frameworks/MobileCoreServices.framework; sourceTree = SDKROOT; };
		D8C5EF4117AEA74E008CFF51 /* MapKit.framework */ = {isa = PBXFileReference; lastKnownFileType = wrapper.framework; name = MapKit.framework; path = System/Library/Frameworks/MapKit.framework; sourceTree = SDKROOT; };
		D8C5EF4317AEA788008CFF51 /* AbstractViewController.h */ = {isa = PBXFileReference; fileEncoding = 4; lastKnownFileType = sourcecode.c.h; path = AbstractViewController.h; sourceTree = "<group>"; };
		D8C5EF4417AEA788008CFF51 /* AbstractViewController.m */ = {isa = PBXFileReference; fileEncoding = 4; lastKnownFileType = sourcecode.c.objc; path = AbstractViewController.m; sourceTree = "<group>"; };
		D8C5EF4F17AEA788008CFF51 /* ImageBackgroundViewController.h */ = {isa = PBXFileReference; fileEncoding = 4; lastKnownFileType = sourcecode.c.h; path = ImageBackgroundViewController.h; sourceTree = "<group>"; };
		D8C5EF5017AEA788008CFF51 /* ImageBackgroundViewController.m */ = {isa = PBXFileReference; fileEncoding = 4; lastKnownFileType = sourcecode.c.objc; path = ImageBackgroundViewController.m; sourceTree = "<group>"; };
		D8C5EF5117AEA788008CFF51 /* LikesTableViewController.h */ = {isa = PBXFileReference; fileEncoding = 4; lastKnownFileType = sourcecode.c.h; path = LikesTableViewController.h; sourceTree = "<group>"; };
		D8C5EF5217AEA788008CFF51 /* LikesTableViewController.m */ = {isa = PBXFileReference; fileEncoding = 4; lastKnownFileType = sourcecode.c.objc; path = LikesTableViewController.m; sourceTree = "<group>"; };
		D8C5EF5517AEA788008CFF51 /* MenuViewController.h */ = {isa = PBXFileReference; fileEncoding = 4; lastKnownFileType = sourcecode.c.h; path = MenuViewController.h; sourceTree = "<group>"; };
		D8C5EF5617AEA788008CFF51 /* MenuViewController.m */ = {isa = PBXFileReference; fileEncoding = 4; lastKnownFileType = sourcecode.c.objc; path = MenuViewController.m; sourceTree = "<group>"; };
		D8C5EF5717AEA788008CFF51 /* MoreOptionsViewController.h */ = {isa = PBXFileReference; fileEncoding = 4; lastKnownFileType = sourcecode.c.h; path = MoreOptionsViewController.h; sourceTree = "<group>"; };
		D8C5EF5817AEA788008CFF51 /* MoreOptionsViewController.m */ = {isa = PBXFileReference; fileEncoding = 4; lastKnownFileType = sourcecode.c.objc; path = MoreOptionsViewController.m; sourceTree = "<group>"; };
		D8C5EF6D17AEA788008CFF51 /* NewsfeedPostViewDelegate.h */ = {isa = PBXFileReference; fileEncoding = 4; lastKnownFileType = sourcecode.c.h; path = NewsfeedPostViewDelegate.h; sourceTree = "<group>"; };
		D8C5EF6E17AEA788008CFF51 /* NewsfeedTableViewController.h */ = {isa = PBXFileReference; fileEncoding = 4; lastKnownFileType = sourcecode.c.h; path = NewsfeedTableViewController.h; sourceTree = "<group>"; };
		D8C5EF6F17AEA788008CFF51 /* NewsfeedTableViewController.m */ = {isa = PBXFileReference; fileEncoding = 4; lastKnownFileType = sourcecode.c.objc; path = NewsfeedTableViewController.m; sourceTree = "<group>"; };
		D8C5EF7817AEA788008CFF51 /* PostTableViewController.h */ = {isa = PBXFileReference; fileEncoding = 4; lastKnownFileType = sourcecode.c.h; path = PostTableViewController.h; sourceTree = "<group>"; };
		D8C5EF7917AEA788008CFF51 /* PostTableViewController.m */ = {isa = PBXFileReference; fileEncoding = 4; lastKnownFileType = sourcecode.c.objc; path = PostTableViewController.m; sourceTree = "<group>"; };
		D8C5EF7A17AEA788008CFF51 /* PostViewController.h */ = {isa = PBXFileReference; fileEncoding = 4; lastKnownFileType = sourcecode.c.h; path = PostViewController.h; sourceTree = "<group>"; };
		D8C5EF7B17AEA788008CFF51 /* PostViewController.m */ = {isa = PBXFileReference; fileEncoding = 4; lastKnownFileType = sourcecode.c.objc; path = PostViewController.m; sourceTree = "<group>"; };
		D8C5EF7C17AEA788008CFF51 /* SignInViewController.h */ = {isa = PBXFileReference; fileEncoding = 4; lastKnownFileType = sourcecode.c.h; path = SignInViewController.h; sourceTree = "<group>"; };
		D8C5EF7D17AEA788008CFF51 /* SignInViewController.m */ = {isa = PBXFileReference; fileEncoding = 4; lastKnownFileType = sourcecode.c.objc; path = SignInViewController.m; sourceTree = "<group>"; };
		D8C5EF7E17AEA788008CFF51 /* SignUpSignInViewController.h */ = {isa = PBXFileReference; fileEncoding = 4; lastKnownFileType = sourcecode.c.h; path = SignUpSignInViewController.h; sourceTree = "<group>"; };
		D8C5EF7F17AEA788008CFF51 /* SignUpSignInViewController.m */ = {isa = PBXFileReference; fileEncoding = 4; lastKnownFileType = sourcecode.c.objc; path = SignUpSignInViewController.m; sourceTree = "<group>"; };
		D8C5EF8017AEA788008CFF51 /* SignUpViewController.h */ = {isa = PBXFileReference; fileEncoding = 4; lastKnownFileType = sourcecode.c.h; path = SignUpViewController.h; sourceTree = "<group>"; };
		D8C5EF8117AEA788008CFF51 /* SignUpViewController.m */ = {isa = PBXFileReference; fileEncoding = 4; lastKnownFileType = sourcecode.c.objc; path = SignUpViewController.m; sourceTree = "<group>"; };
		D8C5EF8417AEA788008CFF51 /* UIResponder+Helper.h */ = {isa = PBXFileReference; fileEncoding = 4; lastKnownFileType = sourcecode.c.h; path = "UIResponder+Helper.h"; sourceTree = "<group>"; };
		D8C5EF8517AEA788008CFF51 /* UIResponder+Helper.m */ = {isa = PBXFileReference; fileEncoding = 4; lastKnownFileType = sourcecode.c.objc; path = "UIResponder+Helper.m"; sourceTree = "<group>"; };
		D8C5EF8A17AEA788008CFF51 /* UserSettingsViewController.h */ = {isa = PBXFileReference; fileEncoding = 4; lastKnownFileType = sourcecode.c.h; path = UserSettingsViewController.h; sourceTree = "<group>"; };
		D8C5EF8B17AEA788008CFF51 /* UserSettingsViewController.m */ = {isa = PBXFileReference; fileEncoding = 4; lastKnownFileType = sourcecode.c.objc; path = UserSettingsViewController.m; sourceTree = "<group>"; };
		D8C5EF8C17AEA788008CFF51 /* UserChangePasswordViewController.h */ = {isa = PBXFileReference; fileEncoding = 4; lastKnownFileType = sourcecode.c.h; path = UserChangePasswordViewController.h; sourceTree = "<group>"; };
		D8C5EF8D17AEA788008CFF51 /* UserChangePasswordViewController.m */ = {isa = PBXFileReference; fileEncoding = 4; lastKnownFileType = sourcecode.c.objc; path = UserChangePasswordViewController.m; sourceTree = "<group>"; };
		D8C5EFC317AEA7E0008CFF51 /* MoreOptionsView.xib */ = {isa = PBXFileReference; fileEncoding = 4; lastKnownFileType = file.xib; path = MoreOptionsView.xib; sourceTree = "<group>"; };
		D8C5EFC917AEA9A9008CFF51 /* CategoryCell.h */ = {isa = PBXFileReference; fileEncoding = 4; lastKnownFileType = sourcecode.c.h; path = CategoryCell.h; sourceTree = "<group>"; };
		D8C5EFCA17AEA9A9008CFF51 /* CategoryCell.m */ = {isa = PBXFileReference; fileEncoding = 4; lastKnownFileType = sourcecode.c.objc; path = CategoryCell.m; sourceTree = "<group>"; };
		D8C5EFCB17AEA9A9008CFF51 /* CommentCell.h */ = {isa = PBXFileReference; fileEncoding = 4; lastKnownFileType = sourcecode.c.h; path = CommentCell.h; sourceTree = "<group>"; };
		D8C5EFCC17AEA9A9008CFF51 /* CommentCell.m */ = {isa = PBXFileReference; fileEncoding = 4; lastKnownFileType = sourcecode.c.objc; path = CommentCell.m; sourceTree = "<group>"; };
		D8C5EFD317AEA9A9008CFF51 /* MenuCell.h */ = {isa = PBXFileReference; fileEncoding = 4; lastKnownFileType = sourcecode.c.h; path = MenuCell.h; sourceTree = "<group>"; };
		D8C5EFD417AEA9A9008CFF51 /* MenuCell.m */ = {isa = PBXFileReference; fileEncoding = 4; lastKnownFileType = sourcecode.c.objc; path = MenuCell.m; sourceTree = "<group>"; };
		D8C5EFD517AEA9A9008CFF51 /* NewsfeedCell.h */ = {isa = PBXFileReference; fileEncoding = 4; lastKnownFileType = sourcecode.c.h; path = NewsfeedCell.h; sourceTree = "<group>"; };
		D8C5EFD617AEA9A9008CFF51 /* NewsfeedCell.m */ = {isa = PBXFileReference; fileEncoding = 4; lastKnownFileType = sourcecode.c.objc; path = NewsfeedCell.m; sourceTree = "<group>"; };
		D8C5EFDB17AEA9A9008CFF51 /* NewsfeedPostView.h */ = {isa = PBXFileReference; fileEncoding = 4; lastKnownFileType = sourcecode.c.h; path = NewsfeedPostView.h; sourceTree = "<group>"; };
		D8C5EFDC17AEA9A9008CFF51 /* NewsfeedPostView.m */ = {isa = PBXFileReference; fileEncoding = 4; lastKnownFileType = sourcecode.c.objc; path = NewsfeedPostView.m; sourceTree = "<group>"; };
		D8C5EFDD17AEA9A9008CFF51 /* NewsfeedView.h */ = {isa = PBXFileReference; fileEncoding = 4; lastKnownFileType = sourcecode.c.h; path = NewsfeedView.h; sourceTree = "<group>"; };
		D8C5EFDE17AEA9A9008CFF51 /* NewsfeedView.m */ = {isa = PBXFileReference; fileEncoding = 4; lastKnownFileType = sourcecode.c.objc; path = NewsfeedView.m; sourceTree = "<group>"; };
		D8C5EFE317AEA9A9008CFF51 /* UserCell.h */ = {isa = PBXFileReference; fileEncoding = 4; lastKnownFileType = sourcecode.c.h; path = UserCell.h; sourceTree = "<group>"; };
		D8C5EFE417AEA9A9008CFF51 /* UserCell.m */ = {isa = PBXFileReference; fileEncoding = 4; lastKnownFileType = sourcecode.c.objc; path = UserCell.m; sourceTree = "<group>"; };
		D8C5EFF317AEAA0E008CFF51 /* ApplicationHelper.h */ = {isa = PBXFileReference; fileEncoding = 4; lastKnownFileType = sourcecode.c.h; path = ApplicationHelper.h; sourceTree = "<group>"; };
		D8C5EFF417AEAA0E008CFF51 /* ApplicationHelper.m */ = {isa = PBXFileReference; fileEncoding = 4; lastKnownFileType = sourcecode.c.objc; path = ApplicationHelper.m; sourceTree = "<group>"; };
		D8C5EFF717AEAA2C008CFF51 /* CategoryAPI.h */ = {isa = PBXFileReference; fileEncoding = 4; lastKnownFileType = sourcecode.c.h; path = CategoryAPI.h; sourceTree = "<group>"; };
		D8C5EFF817AEAA2C008CFF51 /* CategoryAPI.m */ = {isa = PBXFileReference; fileEncoding = 4; lastKnownFileType = sourcecode.c.objc; path = CategoryAPI.m; sourceTree = "<group>"; };
		D8C5EFF917AEAA2C008CFF51 /* FeedAPI.h */ = {isa = PBXFileReference; fileEncoding = 4; lastKnownFileType = sourcecode.c.h; path = FeedAPI.h; sourceTree = "<group>"; };
		D8C5EFFA17AEAA2C008CFF51 /* FeedAPI.m */ = {isa = PBXFileReference; fileEncoding = 4; lastKnownFileType = sourcecode.c.objc; path = FeedAPI.m; sourceTree = "<group>"; };
		D8C5EFFB17AEAA2C008CFF51 /* HashtagAPI.h */ = {isa = PBXFileReference; fileEncoding = 4; lastKnownFileType = sourcecode.c.h; path = HashtagAPI.h; sourceTree = "<group>"; };
		D8C5EFFC17AEAA2C008CFF51 /* HashtagAPI.m */ = {isa = PBXFileReference; fileEncoding = 4; lastKnownFileType = sourcecode.c.objc; path = HashtagAPI.m; sourceTree = "<group>"; };
		D8C5EFFD17AEAA2C008CFF51 /* PostAPI.h */ = {isa = PBXFileReference; fileEncoding = 4; lastKnownFileType = sourcecode.c.h; path = PostAPI.h; sourceTree = "<group>"; };
		D8C5EFFE17AEAA2C008CFF51 /* PostAPI.m */ = {isa = PBXFileReference; fileEncoding = 4; lastKnownFileType = sourcecode.c.objc; path = PostAPI.m; sourceTree = "<group>"; };
		D8C5EFFF17AEAA2C008CFF51 /* UserAPI.h */ = {isa = PBXFileReference; fileEncoding = 4; lastKnownFileType = sourcecode.c.h; path = UserAPI.h; sourceTree = "<group>"; };
		D8C5F00017AEAA2C008CFF51 /* UserAPI.m */ = {isa = PBXFileReference; fileEncoding = 4; lastKnownFileType = sourcecode.c.objc; path = UserAPI.m; sourceTree = "<group>"; };
		D8C5F00117AEAA2C008CFF51 /* APIConstants.h */ = {isa = PBXFileReference; fileEncoding = 4; lastKnownFileType = sourcecode.c.h; name = APIConstants.h; path = GoodAroundMe/Classes/Models/APIConstants.h; sourceTree = SOURCE_ROOT; };
		D8C5F00417AEAA2C008CFF51 /* BaseAPI.h */ = {isa = PBXFileReference; fileEncoding = 4; lastKnownFileType = sourcecode.c.h; name = BaseAPI.h; path = ../BaseAPI.h; sourceTree = "<group>"; };
		D8C5F00517AEAA2C008CFF51 /* BaseAPI.m */ = {isa = PBXFileReference; fileEncoding = 4; lastKnownFileType = sourcecode.c.objc; name = BaseAPI.m; path = ../BaseAPI.m; sourceTree = "<group>"; };
		D8C5F00617AEAA2C008CFF51 /* BaseModel.h */ = {isa = PBXFileReference; fileEncoding = 4; lastKnownFileType = sourcecode.c.h; path = BaseModel.h; sourceTree = "<group>"; };
		D8C5F00717AEAA2C008CFF51 /* BaseModel.m */ = {isa = PBXFileReference; fileEncoding = 4; lastKnownFileType = sourcecode.c.objc; path = BaseModel.m; sourceTree = "<group>"; };
		D8C5F00A17AEAA2C008CFF51 /* Category+Create.h */ = {isa = PBXFileReference; fileEncoding = 4; lastKnownFileType = sourcecode.c.h; path = "Category+Create.h"; sourceTree = "<group>"; };
		D8C5F00B17AEAA2C008CFF51 /* Category+Create.m */ = {isa = PBXFileReference; fileEncoding = 4; lastKnownFileType = sourcecode.c.objc; path = "Category+Create.m"; sourceTree = "<group>"; };
		D8C5F00E17AEAA2C008CFF51 /* Comment+Create.h */ = {isa = PBXFileReference; fileEncoding = 4; lastKnownFileType = sourcecode.c.h; path = "Comment+Create.h"; sourceTree = "<group>"; };
		D8C5F00F17AEAA2C008CFF51 /* Comment+Create.m */ = {isa = PBXFileReference; fileEncoding = 4; lastKnownFileType = sourcecode.c.objc; path = "Comment+Create.m"; sourceTree = "<group>"; };
		D8C5F01417AEAA2C008CFF51 /* CoreDataFactory.h */ = {isa = PBXFileReference; fileEncoding = 4; lastKnownFileType = sourcecode.c.h; path = CoreDataFactory.h; sourceTree = "<group>"; };
		D8C5F01517AEAA2C008CFF51 /* CoreDataFactory.m */ = {isa = PBXFileReference; fileEncoding = 4; lastKnownFileType = sourcecode.c.objc; path = CoreDataFactory.m; sourceTree = "<group>"; };
		D8C5F01617AEAA2C008CFF51 /* CurrentUser.h */ = {isa = PBXFileReference; fileEncoding = 4; lastKnownFileType = sourcecode.c.h; path = CurrentUser.h; sourceTree = "<group>"; };
		D8C5F01717AEAA2C008CFF51 /* CurrentUser.m */ = {isa = PBXFileReference; fileEncoding = 4; lastKnownFileType = sourcecode.c.objc; path = CurrentUser.m; sourceTree = "<group>"; };
		D8C5F01917AEAA2C008CFF51 /* DataModel.xcdatamodel */ = {isa = PBXFileReference; lastKnownFileType = wrapper.xcdatamodel; path = DataModel.xcdatamodel; sourceTree = "<group>"; };
		D8C5F02217AEAA2C008CFF51 /* IJSON.h */ = {isa = PBXFileReference; fileEncoding = 4; lastKnownFileType = sourcecode.c.h; path = IJSON.h; sourceTree = "<group>"; };
		D8C5F02317AEAA2C008CFF51 /* ILike.h */ = {isa = PBXFileReference; fileEncoding = 4; lastKnownFileType = sourcecode.c.h; path = ILike.h; sourceTree = "<group>"; };
		D8C5F02617AEAA2C008CFF51 /* Like+Create.h */ = {isa = PBXFileReference; fileEncoding = 4; lastKnownFileType = sourcecode.c.h; path = "Like+Create.h"; sourceTree = "<group>"; };
		D8C5F02717AEAA2C008CFF51 /* Like+Create.m */ = {isa = PBXFileReference; fileEncoding = 4; lastKnownFileType = sourcecode.c.objc; path = "Like+Create.m"; sourceTree = "<group>"; };
		D8C5F02A17AEAA2C008CFF51 /* Newsfeed+Activity.h */ = {isa = PBXFileReference; fileEncoding = 4; lastKnownFileType = sourcecode.c.h; path = "Newsfeed+Activity.h"; sourceTree = "<group>"; };
		D8C5F02B17AEAA2C008CFF51 /* Newsfeed+Activity.m */ = {isa = PBXFileReference; fileEncoding = 4; lastKnownFileType = sourcecode.c.objc; path = "Newsfeed+Activity.m"; sourceTree = "<group>"; };
		D8C5F03217AEAA2C008CFF51 /* Photo.h */ = {isa = PBXFileReference; fileEncoding = 4; lastKnownFileType = sourcecode.c.h; path = Photo.h; sourceTree = "<group>"; };
		D8C5F03317AEAA2C008CFF51 /* Photo.m */ = {isa = PBXFileReference; fileEncoding = 4; lastKnownFileType = sourcecode.c.objc; path = Photo.m; sourceTree = "<group>"; };
		D8C5F03617AEAA2C008CFF51 /* Picture+Create.h */ = {isa = PBXFileReference; fileEncoding = 4; lastKnownFileType = sourcecode.c.h; path = "Picture+Create.h"; sourceTree = "<group>"; };
		D8C5F03717AEAA2C008CFF51 /* Picture+Create.m */ = {isa = PBXFileReference; fileEncoding = 4; lastKnownFileType = sourcecode.c.objc; path = "Picture+Create.m"; sourceTree = "<group>"; };
		D8C5F03A17AEAA2C008CFF51 /* Post+Create.h */ = {isa = PBXFileReference; fileEncoding = 4; lastKnownFileType = sourcecode.c.h; path = "Post+Create.h"; sourceTree = "<group>"; };
		D8C5F03B17AEAA2C008CFF51 /* Post+Create.m */ = {isa = PBXFileReference; fileEncoding = 4; lastKnownFileType = sourcecode.c.objc; path = "Post+Create.m"; sourceTree = "<group>"; };
		D8C5F03C17AEAA2C008CFF51 /* Profile.h */ = {isa = PBXFileReference; fileEncoding = 4; lastKnownFileType = sourcecode.c.h; path = Profile.h; sourceTree = "<group>"; };
		D8C5F03D17AEAA2C008CFF51 /* Profile.m */ = {isa = PBXFileReference; fileEncoding = 4; lastKnownFileType = sourcecode.c.objc; path = Profile.m; sourceTree = "<group>"; };
		D8C5F04417AEAA2D008CFF51 /* User+Create.h */ = {isa = PBXFileReference; fileEncoding = 4; lastKnownFileType = sourcecode.c.h; path = "User+Create.h"; sourceTree = "<group>"; };
		D8C5F04517AEAA2D008CFF51 /* User+Create.m */ = {isa = PBXFileReference; fileEncoding = 4; lastKnownFileType = sourcecode.c.objc; path = "User+Create.m"; sourceTree = "<group>"; };
		D8C5F07217AED584008CFF51 /* iPhone.storyboard */ = {isa = PBXFileReference; fileEncoding = 4; lastKnownFileType = file.storyboard; path = iPhone.storyboard; sourceTree = "<group>"; };
		D8C5F07717AED65B008CFF51 /* CoreDataTableViewController.h */ = {isa = PBXFileReference; fileEncoding = 4; lastKnownFileType = sourcecode.c.h; path = CoreDataTableViewController.h; sourceTree = "<group>"; };
		D8C5F07817AED65B008CFF51 /* CoreDataTableViewController.m */ = {isa = PBXFileReference; fileEncoding = 4; lastKnownFileType = sourcecode.c.objc; path = CoreDataTableViewController.m; sourceTree = "<group>"; };
		D8C5F07A17AEEC31008CFF51 /* default_background.jpg */ = {isa = PBXFileReference; lastKnownFileType = image.jpeg; path = default_background.jpg; sourceTree = "<group>"; };
		D8C5F07C17AFDF8F008CFF51 /* StoryboardConstants.h */ = {isa = PBXFileReference; lastKnownFileType = sourcecode.c.h; path = StoryboardConstants.h; sourceTree = "<group>"; };
		D8C5F07D17AFEDF0008CFF51 /* SignUpTableController.h */ = {isa = PBXFileReference; fileEncoding = 4; lastKnownFileType = sourcecode.c.h; path = SignUpTableController.h; sourceTree = "<group>"; };
		D8C5F07E17AFEDF0008CFF51 /* SignUpTableController.m */ = {isa = PBXFileReference; fileEncoding = 4; lastKnownFileType = sourcecode.c.objc; path = SignUpTableController.m; sourceTree = "<group>"; };
		D8C5F08017B04C49008CFF51 /* SignInTableController.h */ = {isa = PBXFileReference; fileEncoding = 4; lastKnownFileType = sourcecode.c.h; path = SignInTableController.h; sourceTree = "<group>"; };
		D8C5F08117B04C4A008CFF51 /* SignInTableController.m */ = {isa = PBXFileReference; fileEncoding = 4; lastKnownFileType = sourcecode.c.objc; path = SignInTableController.m; sourceTree = "<group>"; };
		D8EB950B17B81FB200D47D54 /* NewPostCaptionViewController.h */ = {isa = PBXFileReference; fileEncoding = 4; lastKnownFileType = sourcecode.c.h; path = NewPostCaptionViewController.h; sourceTree = "<group>"; };
		D8EB950C17B81FB200D47D54 /* NewPostCaptionViewController.m */ = {isa = PBXFileReference; fileEncoding = 4; lastKnownFileType = sourcecode.c.objc; path = NewPostCaptionViewController.m; sourceTree = "<group>"; };
		D8EB950E17B827AC00D47D54 /* tumblr_mlxvr2nHZc1rpcrx8o1_1280.jpg */ = {isa = PBXFileReference; lastKnownFileType = image.jpeg; path = tumblr_mlxvr2nHZc1rpcrx8o1_1280.jpg; sourceTree = "<group>"; };
		D8EB951617B923E400D47D54 /* AAMLabel.h */ = {isa = PBXFileReference; fileEncoding = 4; lastKnownFileType = sourcecode.c.h; path = AAMLabel.h; sourceTree = "<group>"; };
		D8EB951717B923E400D47D54 /* AAMLabel.m */ = {isa = PBXFileReference; fileEncoding = 4; lastKnownFileType = sourcecode.c.objc; path = AAMLabel.m; sourceTree = "<group>"; };
		D8EB951C17BB9DBA00D47D54 /* UserProfileViewController.h */ = {isa = PBXFileReference; fileEncoding = 4; lastKnownFileType = sourcecode.c.h; path = UserProfileViewController.h; sourceTree = "<group>"; };
		D8EB951D17BB9DBA00D47D54 /* UserProfileViewController.m */ = {isa = PBXFileReference; fileEncoding = 4; lastKnownFileType = sourcecode.c.objc; path = UserProfileViewController.m; sourceTree = "<group>"; };
/* End PBXFileReference section */

/* Begin PBXFrameworksBuildPhase section */
		D8C5EE6F17AEA184008CFF51 /* Frameworks */ = {
			isa = PBXFrameworksBuildPhase;
			buildActionMask = 2147483647;
			files = (
				D8C5EF4217AEA74E008CFF51 /* MapKit.framework in Frameworks */,
				D8C5EF4017AEA708008CFF51 /* MobileCoreServices.framework in Frameworks */,
				D8C5EF3E17AEA6F2008CFF51 /* CoreData.framework in Frameworks */,
				D8C5EF3C17AEA6E0008CFF51 /* SystemConfiguration.framework in Frameworks */,
				D8C5EF3A17AEA6AD008CFF51 /* ImageIO.framework in Frameworks */,
				D8C5EE7617AEA184008CFF51 /* UIKit.framework in Frameworks */,
				D8C5EE7817AEA184008CFF51 /* Foundation.framework in Frameworks */,
				D8C5EE7A17AEA184008CFF51 /* CoreGraphics.framework in Frameworks */,
				D8C5EF3817AEA635008CFF51 /* SDWebImage.framework in Frameworks */,
				D86BE04B17C399A10045D2E1 /* AWSS3.framework in Frameworks */,
				D86BE04D17C399DD0045D2E1 /* AWSRuntime.framework in Frameworks */,
			);
			runOnlyForDeploymentPostprocessing = 0;
		};
/* End PBXFrameworksBuildPhase section */

/* Begin PBXGroup section */
		D8C5EE6917AEA184008CFF51 = {
			isa = PBXGroup;
			children = (
				D8C5EE7B17AEA184008CFF51 /* GoodAroundMe */,
				D8C5EE7417AEA184008CFF51 /* Frameworks */,
				D8C5EE7317AEA184008CFF51 /* Products */,
			);
			sourceTree = "<group>";
		};
		D8C5EE7317AEA184008CFF51 /* Products */ = {
			isa = PBXGroup;
			children = (
				D8C5EE7217AEA184008CFF51 /* GoodAroundMe.app */,
			);
			name = Products;
			sourceTree = "<group>";
		};
		D8C5EE7417AEA184008CFF51 /* Frameworks */ = {
			isa = PBXGroup;
			children = (
				D86BE04C17C399DD0045D2E1 /* AWSRuntime.framework */,
				D86BE04A17C399A10045D2E1 /* AWSS3.framework */,
				D8C5EF4117AEA74E008CFF51 /* MapKit.framework */,
				D8C5EF3F17AEA708008CFF51 /* MobileCoreServices.framework */,
				D8C5EF3D17AEA6F2008CFF51 /* CoreData.framework */,
				D8C5EF3B17AEA6E0008CFF51 /* SystemConfiguration.framework */,
				D8C5EF3917AEA6AD008CFF51 /* ImageIO.framework */,
				D8C5EF3717AEA635008CFF51 /* SDWebImage.framework */,
				D8C5EE7517AEA184008CFF51 /* UIKit.framework */,
				D8C5EE7717AEA184008CFF51 /* Foundation.framework */,
				D8C5EE7917AEA184008CFF51 /* CoreGraphics.framework */,
			);
			name = Frameworks;
			sourceTree = "<group>";
		};
		D8C5EE7B17AEA184008CFF51 /* GoodAroundMe */ = {
			isa = PBXGroup;
			children = (
				D8C5EE9817AEA24B008CFF51 /* Classes */,
				D8C5EE9F17AEA255008CFF51 /* Resources */,
				D8C5EEA117AEA289008CFF51 /* UserInterfaces */,
				D8C5EE7C17AEA184008CFF51 /* Supporting Files */,
			);
			path = GoodAroundMe;
			sourceTree = "<group>";
		};
		D8C5EE7C17AEA184008CFF51 /* Supporting Files */ = {
			isa = PBXGroup;
			children = (
				D8C5EE7D17AEA184008CFF51 /* GoodAroundMe-Info.plist */,
				D8C5EE7E17AEA184008CFF51 /* InfoPlist.strings */,
				D8C5EE8117AEA184008CFF51 /* main.m */,
				D8C5EE8317AEA184008CFF51 /* GoodAroundMe-Prefix.pch */,
			);
			name = "Supporting Files";
			sourceTree = "<group>";
		};
		D8C5EE9817AEA24B008CFF51 /* Classes */ = {
			isa = PBXGroup;
			children = (
				D8C5EE8417AEA184008CFF51 /* AppDelegate.h */,
				D8C5EE8517AEA184008CFF51 /* AppDelegate.m */,
				D8C5EE9917AEA24B008CFF51 /* Helpers */,
				D8C5EE9A17AEA24B008CFF51 /* Lib */,
				D8C5EE9B17AEA24B008CFF51 /* Models */,
				D8C5EE9C17AEA24B008CFF51 /* ViewControllers */,
				D8C5EE9E17AEA24B008CFF51 /* Views */,
			);
			path = Classes;
			sourceTree = "<group>";
		};
		D8C5EE9917AEA24B008CFF51 /* Helpers */ = {
			isa = PBXGroup;
			children = (
				D8C5EFF317AEAA0E008CFF51 /* ApplicationHelper.h */,
				D8C5EFF417AEAA0E008CFF51 /* ApplicationHelper.m */,
			);
			path = Helpers;
			sourceTree = "<group>";
		};
		D8C5EE9A17AEA24B008CFF51 /* Lib */ = {
			isa = PBXGroup;
			children = (
				D8C5EECE17AEA48D008CFF51 /* AFNetworking */,
				D8C5EEA217AEA474008CFF51 /* SDWebImage */,
			);
			path = Lib;
			sourceTree = "<group>";
		};
		D8C5EE9B17AEA24B008CFF51 /* Models */ = {
			isa = PBXGroup;
			children = (
				D8C5EFF617AEAA2C008CFF51 /* API */,
				D8C5F00617AEAA2C008CFF51 /* BaseModel.h */,
				D8C5F00717AEAA2C008CFF51 /* BaseModel.m */,
				D8C5F00A17AEAA2C008CFF51 /* Category+Create.h */,
				D8C5F00B17AEAA2C008CFF51 /* Category+Create.m */,
				D8C5F00E17AEAA2C008CFF51 /* Comment+Create.h */,
				D8C5F00F17AEAA2C008CFF51 /* Comment+Create.m */,
				D8C5F01417AEAA2C008CFF51 /* CoreDataFactory.h */,
				D8C5F01517AEAA2C008CFF51 /* CoreDataFactory.m */,
				D8C5F01617AEAA2C008CFF51 /* CurrentUser.h */,
				D8C5F01717AEAA2C008CFF51 /* CurrentUser.m */,
				D8C5F01817AEAA2C008CFF51 /* DataModel.xcdatamodeld */,
				D86BE06917C876720045D2E1 /* Organization.h */,
				D86BE06A17C8767A0045D2E1 /* Organization.m */,
				D86BE06C17C876AC0045D2E1 /* Category.h */,
				D86BE06D17C876B30045D2E1 /* Category.m */,
				D86BE06617C876570045D2E1 /* Like.h */,
				D86BE06717C8765F0045D2E1 /* Like.m */,
				D86BE06317C876330045D2E1 /* Picture.h */,
				D86BE06417C876390045D2E1 /* Picture.m */,
				D86BE06017C876180045D2E1 /* Post.h */,
				D86BE06117C876200045D2E1 /* Post.m */,
				D86BE04717C279450045D2E1 /* User.h */,
				D86BE04817C279490045D2E1 /* User.m */,
				D86BE01317BCD39A0045D2E1 /* Newsfeed.h */,
				D86BE01417BCD39A0045D2E1 /* Newsfeed.m */,
				D86BE01017BCD39A0045D2E1 /* Comment.h */,
				D86BE01117BCD39A0045D2E1 /* Comment.m */,
				D8C5F02217AEAA2C008CFF51 /* IJSON.h */,
				D8C5F02317AEAA2C008CFF51 /* ILike.h */,
				D8C5F02617AEAA2C008CFF51 /* Like+Create.h */,
				D8C5F02717AEAA2C008CFF51 /* Like+Create.m */,
				D8C5F02A17AEAA2C008CFF51 /* Newsfeed+Activity.h */,
				D8C5F02B17AEAA2C008CFF51 /* Newsfeed+Activity.m */,
				D8C5F03217AEAA2C008CFF51 /* Photo.h */,
				D8C5F03317AEAA2C008CFF51 /* Photo.m */,
				D8C5F03617AEAA2C008CFF51 /* Picture+Create.h */,
				D8C5F03717AEAA2C008CFF51 /* Picture+Create.m */,
				D8C5F03A17AEAA2C008CFF51 /* Post+Create.h */,
				D8C5F03B17AEAA2C008CFF51 /* Post+Create.m */,
				D8C5F03C17AEAA2C008CFF51 /* Profile.h */,
				D8C5F03D17AEAA2C008CFF51 /* Profile.m */,
				D8C5F04417AEAA2D008CFF51 /* User+Create.h */,
				D8C5F04517AEAA2D008CFF51 /* User+Create.m */,
				D8B1215917B6291400F68F59 /* Organization+Create.h */,
				D8B1215A17B6291500F68F59 /* Organization+Create.m */,
			);
			path = Models;
			sourceTree = "<group>";
		};
		D8C5EE9C17AEA24B008CFF51 /* ViewControllers */ = {
			isa = PBXGroup;
			children = (
				D80F805D17B7DDE300CC6303 /* AbstractTableViewController.h */,
				D80F805E17B7DDEB00CC6303 /* AbstractTableViewController.m */,
				D8B1214D17B5971D00F68F59 /* AbstractUserAuthenticationViewController.h */,
				D8B1214E17B5971E00F68F59 /* AbstractUserAuthenticationViewController.m */,
				D8C5EF4317AEA788008CFF51 /* AbstractViewController.h */,
				D8C5EF4417AEA788008CFF51 /* AbstractViewController.m */,
				D8C5F07717AED65B008CFF51 /* CoreDataTableViewController.h */,
				D8C5F07817AED65B008CFF51 /* CoreDataTableViewController.m */,
				D8C5EF4F17AEA788008CFF51 /* ImageBackgroundViewController.h */,
				D8C5EF5017AEA788008CFF51 /* ImageBackgroundViewController.m */,
				D86BE02B17C013B80045D2E1 /* LandingPageViewController.h */,
				D86BE02C17C013BA0045D2E1 /* LandingPageViewController.m */,
				D8C5EF5117AEA788008CFF51 /* LikesTableViewController.h */,
				D8C5EF5217AEA788008CFF51 /* LikesTableViewController.m */,
				D8C5EF5517AEA788008CFF51 /* MenuViewController.h */,
				D8C5EF5617AEA788008CFF51 /* MenuViewController.m */,
				D8C5EF5717AEA788008CFF51 /* MoreOptionsViewController.h */,
				D8C5EF5817AEA788008CFF51 /* MoreOptionsViewController.m */,
				D8EB950B17B81FB200D47D54 /* NewPostCaptionViewController.h */,
				D8EB950C17B81FB200D47D54 /* NewPostCaptionViewController.m */,
				D8C5EF6D17AEA788008CFF51 /* NewsfeedPostViewDelegate.h */,
				D8C5EF6E17AEA788008CFF51 /* NewsfeedTableViewController.h */,
				D8C5EF6F17AEA788008CFF51 /* NewsfeedTableViewController.m */,
				D8B1212517B2B21D00F68F59 /* OrganizationCategoryViewController.h */,
				D8B1212617B2B21D00F68F59 /* OrganizationCategoryViewController.m */,
				D86BE03E17C115F80045D2E1 /* OrganizationProfileViewController.h */,
				D86BE03F17C115FB0045D2E1 /* OrganizationProfileViewController.m */,
				D8B1215317B5B33D00F68F59 /* OrganizationsTableViewController.h */,
				D8B1215417B5B33F00F68F59 /* OrganizationsTableViewController.m */,
				D8C5EF7817AEA788008CFF51 /* PostTableViewController.h */,
				D8C5EF7917AEA788008CFF51 /* PostTableViewController.m */,
				D8C5EF7A17AEA788008CFF51 /* PostViewController.h */,
				D8C5EF7B17AEA788008CFF51 /* PostViewController.m */,
				D8C5F08017B04C49008CFF51 /* SignInTableController.h */,
				D8C5F08117B04C4A008CFF51 /* SignInTableController.m */,
				D8C5EF7C17AEA788008CFF51 /* SignInViewController.h */,
				D8C5EF7D17AEA788008CFF51 /* SignInViewController.m */,
				D8C5EF7E17AEA788008CFF51 /* SignUpSignInViewController.h */,
				D8C5EF7F17AEA788008CFF51 /* SignUpSignInViewController.m */,
				D8C5F07D17AFEDF0008CFF51 /* SignUpTableController.h */,
				D8C5F07E17AFEDF0008CFF51 /* SignUpTableController.m */,
				D8C5EF8017AEA788008CFF51 /* SignUpViewController.h */,
				D8C5EF8117AEA788008CFF51 /* SignUpViewController.m */,
				D8C5F07C17AFDF8F008CFF51 /* StoryboardConstants.h */,
				D8C5EF8417AEA788008CFF51 /* UIResponder+Helper.h */,
				D8C5EF8517AEA788008CFF51 /* UIResponder+Helper.m */,
				D80F805A17B7DBA800CC6303 /* UIViewController+Utility.h */,
				D80F805B17B7DBAA00CC6303 /* UIViewController+Utility.m */,
				D8C5EF8C17AEA788008CFF51 /* UserChangePasswordViewController.h */,
				D8C5EF8D17AEA788008CFF51 /* UserChangePasswordViewController.m */,
				D86BE02217BF92170045D2E1 /* UserEditViewController.h */,
				D86BE02317BF92190045D2E1 /* UserEditViewController.m */,
				D8EB951C17BB9DBA00D47D54 /* UserProfileViewController.h */,
				D8EB951D17BB9DBA00D47D54 /* UserProfileViewController.m */,
				D8C5EF8A17AEA788008CFF51 /* UserSettingsViewController.h */,
				D8C5EF8B17AEA788008CFF51 /* UserSettingsViewController.m */,
				D86BE01F17BF90F00045D2E1 /* UserViewController.h */,
				D86BE02017BF90F20045D2E1 /* UserViewController.m */,
				D86BE05417C63F1C0045D2E1 /* AmazonViewController.h */,
				D86BE05517C63F220045D2E1 /* AmazonViewController.m */,
			);
			path = ViewControllers;
			sourceTree = "<group>";
		};
		D8C5EE9E17AEA24B008CFF51 /* Views */ = {
			isa = PBXGroup;
			children = (
				D8C5EFC917AEA9A9008CFF51 /* CategoryCell.h */,
				D8C5EFCA17AEA9A9008CFF51 /* CategoryCell.m */,
				D8C5EFCB17AEA9A9008CFF51 /* CommentCell.h */,
				D8C5EFCC17AEA9A9008CFF51 /* CommentCell.m */,
				D8C5EFD317AEA9A9008CFF51 /* MenuCell.h */,
				D8C5EFD417AEA9A9008CFF51 /* MenuCell.m */,
				D8C5EFD517AEA9A9008CFF51 /* NewsfeedCell.h */,
				D8C5EFD617AEA9A9008CFF51 /* NewsfeedCell.m */,
				D8C5EFDB17AEA9A9008CFF51 /* NewsfeedPostView.h */,
				D8C5EFDC17AEA9A9008CFF51 /* NewsfeedPostView.m */,
				D8C5EFDD17AEA9A9008CFF51 /* NewsfeedView.h */,
				D8C5EFDE17AEA9A9008CFF51 /* NewsfeedView.m */,
				D8B1216817B65DB100F68F59 /* OrganizationCell.h */,
				D8B1216917B65DB100F68F59 /* OrganizationCell.m */,
				D8C5EFE317AEA9A9008CFF51 /* UserCell.h */,
				D8C5EFE417AEA9A9008CFF51 /* UserCell.m */,
				D8EB951617B923E400D47D54 /* AAMLabel.h */,
				D8EB951717B923E400D47D54 /* AAMLabel.m */,
				D86BE03217C0F68D0045D2E1 /* DiscoverOrganizationCell.h */,
				D86BE03317C0F68E0045D2E1 /* DiscoverOrganizationCell.m */,
				D86BE03517C111F20045D2E1 /* LikeCell.h */,
				D86BE03617C111F30045D2E1 /* LikeCell.m */,
				D86BE03817C1144F0045D2E1 /* OrganizationProfileCell.h */,
				D86BE03917C114500045D2E1 /* OrganizationProfileCell.m */,
				D86BE05717C65E800045D2E1 /* UploadPostCell.h */,
				D86BE05817C65E830045D2E1 /* UploadPostCell.m */,
			);
			path = Views;
			sourceTree = "<group>";
		};
		D8C5EE9F17AEA255008CFF51 /* Resources */ = {
			isa = PBXGroup;
			children = (
				D8B1213317B3EF8200F68F59 /* animal1.jpg */,
				D8B1213217B3EF8200F68F59 /* animal2.jpg */,
				D8B1213617B3EF9B00F68F59 /* animal3.jpg */,
				D8EB950E17B827AC00D47D54 /* tumblr_mlxvr2nHZc1rpcrx8o1_1280.jpg */,
				D8C5F07A17AEEC31008CFF51 /* default_background.jpg */,
				D8C5EE8717AEA184008CFF51 /* Default.png */,
				D8C5EE8917AEA184008CFF51 /* Default@2x.png */,
				D8C5EE8B17AEA184008CFF51 /* Default-568h@2x.png */,
				D8B1212817B3D08500F68F59 /* Untitled-2.png */,
				D8B1212A17B3ED0B00F68F59 /* facebookLogo.png */,
				D8B1212B17B3ED0B00F68F59 /* twitterLogo.jpeg */,
				D8B1212E17B3EDDC00F68F59 /* locationLogo.jpeg */,
				D8B1212F17B3EDDC00F68F59 /* tagLogo.jpeg */,
			);
			path = Resources;
			sourceTree = "<group>";
		};
		D8C5EEA117AEA289008CFF51 /* UserInterfaces */ = {
			isa = PBXGroup;
			children = (
				D8C5F07217AED584008CFF51 /* iPhone.storyboard */,
				D8B1217117B7AFA000F68F59 /* NewsfeedPostView.xib */,
				D8C5EFC317AEA7E0008CFF51 /* MoreOptionsView.xib */,
			);
			path = UserInterfaces;
			sourceTree = "<group>";
		};
		D8C5EEA217AEA474008CFF51 /* SDWebImage */ = {
			isa = PBXGroup;
			children = (
				D8C5EEA317AEA474008CFF51 /* MKAnnotationView+WebCache.h */,
				D8C5EEA417AEA474008CFF51 /* MKAnnotationView+WebCache.m */,
				D8C5EEA517AEA474008CFF51 /* NSData+GIF.h */,
				D8C5EEA617AEA474008CFF51 /* NSData+GIF.m */,
				D8C5EEA717AEA474008CFF51 /* SDImageCache.h */,
				D8C5EEA817AEA474008CFF51 /* SDImageCache.m */,
				D8C5EEA917AEA474008CFF51 /* SDWebImageCompat.h */,
				D8C5EEAA17AEA474008CFF51 /* SDWebImageCompat.m */,
				D8C5EEAB17AEA474008CFF51 /* SDWebImageDecoder.h */,
				D8C5EEAC17AEA474008CFF51 /* SDWebImageDecoder.m */,
				D8C5EEAD17AEA474008CFF51 /* SDWebImageDownloader.h */,
				D8C5EEAE17AEA474008CFF51 /* SDWebImageDownloader.m */,
				D8C5EEAF17AEA474008CFF51 /* SDWebImageDownloaderOperation.h */,
				D8C5EEB017AEA474008CFF51 /* SDWebImageDownloaderOperation.m */,
				D8C5EEB117AEA474008CFF51 /* SDWebImageManager.h */,
				D8C5EEB217AEA474008CFF51 /* SDWebImageManager.m */,
				D8C5EEB317AEA474008CFF51 /* SDWebImageOperation.h */,
				D8C5EEB417AEA474008CFF51 /* SDWebImagePrefetcher.h */,
				D8C5EEB517AEA474008CFF51 /* SDWebImagePrefetcher.m */,
				D8C5EEB617AEA474008CFF51 /* UIButton+WebCache.h */,
				D8C5EEB717AEA474008CFF51 /* UIButton+WebCache.m */,
				D8C5EEB817AEA474008CFF51 /* UIImage+GIF.h */,
				D8C5EEB917AEA474008CFF51 /* UIImage+GIF.m */,
				D8C5EEBA17AEA474008CFF51 /* UIImage+MultiFormat.h */,
				D8C5EEBB17AEA474008CFF51 /* UIImage+MultiFormat.m */,
				D8C5EEBC17AEA474008CFF51 /* UIImage+WebP.h */,
				D8C5EEBD17AEA474008CFF51 /* UIImage+WebP.m */,
				D8C5EEBE17AEA474008CFF51 /* UIImageView+WebCache.h */,
				D8C5EEBF17AEA474008CFF51 /* UIImageView+WebCache.m */,
			);
			path = SDWebImage;
			sourceTree = "<group>";
		};
		D8C5EECE17AEA48D008CFF51 /* AFNetworking */ = {
			isa = PBXGroup;
			children = (
				D8C5EECF17AEA48D008CFF51 /* AFHTTPClient.h */,
				D8C5EED017AEA48D008CFF51 /* AFHTTPClient.m */,
				D8C5EED117AEA48D008CFF51 /* AFHTTPRequestOperation.h */,
				D8C5EED217AEA48D008CFF51 /* AFHTTPRequestOperation.m */,
				D8C5EED317AEA48D008CFF51 /* AFImageRequestOperation.h */,
				D8C5EED417AEA48D008CFF51 /* AFImageRequestOperation.m */,
				D8C5EED517AEA48D008CFF51 /* AFJSONRequestOperation.h */,
				D8C5EED617AEA48D008CFF51 /* AFJSONRequestOperation.m */,
				D8C5EED717AEA48D008CFF51 /* AFNetworkActivityIndicatorManager.h */,
				D8C5EED817AEA48D008CFF51 /* AFNetworkActivityIndicatorManager.m */,
				D8C5EED917AEA48D008CFF51 /* AFNetworking.h */,
				D8C5EEDA17AEA48D008CFF51 /* AFPropertyListRequestOperation.h */,
				D8C5EEDB17AEA48D008CFF51 /* AFPropertyListRequestOperation.m */,
				D8C5EEDC17AEA48D008CFF51 /* AFURLConnectionOperation.h */,
				D8C5EEDD17AEA48D008CFF51 /* AFURLConnectionOperation.m */,
				D8C5EEDE17AEA48D008CFF51 /* AFXMLRequestOperation.h */,
				D8C5EEDF17AEA48D008CFF51 /* AFXMLRequestOperation.m */,
				D8C5EEE017AEA48D008CFF51 /* UIImageView+AFNetworking.h */,
				D8C5EEE117AEA48D008CFF51 /* UIImageView+AFNetworking.m */,
			);
			path = AFNetworking;
			sourceTree = "<group>";
		};
		D8C5EFF617AEAA2C008CFF51 /* API */ = {
			isa = PBXGroup;
			children = (
				D8C5F00117AEAA2C008CFF51 /* APIConstants.h */,
				D8C5F00417AEAA2C008CFF51 /* BaseAPI.h */,
				D8C5F00517AEAA2C008CFF51 /* BaseAPI.m */,
				D8C5EFF717AEAA2C008CFF51 /* CategoryAPI.h */,
				D8C5EFF817AEAA2C008CFF51 /* CategoryAPI.m */,
				D8C5EFF917AEAA2C008CFF51 /* FeedAPI.h */,
				D8C5EFFA17AEAA2C008CFF51 /* FeedAPI.m */,
				D8C5EFFB17AEAA2C008CFF51 /* HashtagAPI.h */,
				D8C5EFFC17AEAA2C008CFF51 /* HashtagAPI.m */,
				D8C5EFFD17AEAA2C008CFF51 /* PostAPI.h */,
				D8C5EFFE17AEAA2C008CFF51 /* PostAPI.m */,
				D8C5EFFF17AEAA2C008CFF51 /* UserAPI.h */,
				D8C5F00017AEAA2C008CFF51 /* UserAPI.m */,
				D8B1215617B5B4EC00F68F59 /* OrganizationAPI.h */,
				D8B1215717B5B4EC00F68F59 /* OrganizationAPI.m */,
				D86BE05D17C7399B0045D2E1 /* AmazonAPI.h */,
				D86BE05E17C7399D0045D2E1 /* AmazonAPI.m */,
			);
			path = API;
			sourceTree = "<group>";
		};
/* End PBXGroup section */

/* Begin PBXNativeTarget section */
		D8C5EE7117AEA184008CFF51 /* GoodAroundMe */ = {
			isa = PBXNativeTarget;
			buildConfigurationList = D8C5EE9517AEA185008CFF51 /* Build configuration list for PBXNativeTarget "GoodAroundMe" */;
			buildPhases = (
				D8C5EE6E17AEA184008CFF51 /* Sources */,
				D8C5EE6F17AEA184008CFF51 /* Frameworks */,
				D8C5EE7017AEA184008CFF51 /* Resources */,
			);
			buildRules = (
			);
			dependencies = (
			);
			name = GoodAroundMe;
			productName = GoodAroundMe;
			productReference = D8C5EE7217AEA184008CFF51 /* GoodAroundMe.app */;
			productType = "com.apple.product-type.application";
		};
/* End PBXNativeTarget section */

/* Begin PBXProject section */
		D8C5EE6A17AEA184008CFF51 /* Project object */ = {
			isa = PBXProject;
			attributes = {
				LastUpgradeCheck = 0460;
				ORGANIZATIONNAME = GoodAroundMe;
			};
			buildConfigurationList = D8C5EE6D17AEA184008CFF51 /* Build configuration list for PBXProject "GoodAroundMe" */;
			compatibilityVersion = "Xcode 3.2";
			developmentRegion = English;
			hasScannedForEncodings = 0;
			knownRegions = (
				en,
			);
			mainGroup = D8C5EE6917AEA184008CFF51;
			productRefGroup = D8C5EE7317AEA184008CFF51 /* Products */;
			projectDirPath = "";
			projectRoot = "";
			targets = (
				D8C5EE7117AEA184008CFF51 /* GoodAroundMe */,
			);
		};
/* End PBXProject section */

/* Begin PBXResourcesBuildPhase section */
		D8C5EE7017AEA184008CFF51 /* Resources */ = {
			isa = PBXResourcesBuildPhase;
			buildActionMask = 2147483647;
			files = (
				D8C5EE8017AEA184008CFF51 /* InfoPlist.strings in Resources */,
				D8C5EE8817AEA184008CFF51 /* Default.png in Resources */,
				D8C5EE8A17AEA184008CFF51 /* Default@2x.png in Resources */,
				D8C5EE8C17AEA184008CFF51 /* Default-568h@2x.png in Resources */,
				D8C5EFC817AEA7E0008CFF51 /* MoreOptionsView.xib in Resources */,
				D8C5F07317AED584008CFF51 /* iPhone.storyboard in Resources */,
				D8C5F07B17AEEC31008CFF51 /* default_background.jpg in Resources */,
				D8B1212917B3D08500F68F59 /* Untitled-2.png in Resources */,
				D8B1212C17B3ED0B00F68F59 /* facebookLogo.png in Resources */,
				D8B1212D17B3ED0B00F68F59 /* twitterLogo.jpeg in Resources */,
				D8B1213017B3EDDC00F68F59 /* locationLogo.jpeg in Resources */,
				D8B1213117B3EDDC00F68F59 /* tagLogo.jpeg in Resources */,
				D8B1213417B3EF8200F68F59 /* animal2.jpg in Resources */,
				D8B1213517B3EF8200F68F59 /* animal1.jpg in Resources */,
				D8B1213717B3EF9B00F68F59 /* animal3.jpg in Resources */,
				D8B1217217B7AFA100F68F59 /* NewsfeedPostView.xib in Resources */,
				D8EB950F17B827AC00D47D54 /* tumblr_mlxvr2nHZc1rpcrx8o1_1280.jpg in Resources */,
			);
			runOnlyForDeploymentPostprocessing = 0;
		};
/* End PBXResourcesBuildPhase section */

/* Begin PBXSourcesBuildPhase section */
		D8C5EE6E17AEA184008CFF51 /* Sources */ = {
			isa = PBXSourcesBuildPhase;
			buildActionMask = 2147483647;
			files = (
				D8C5EE8217AEA184008CFF51 /* main.m in Sources */,
				D8C5EE8617AEA184008CFF51 /* AppDelegate.m in Sources */,
				D8C5EEC017AEA474008CFF51 /* MKAnnotationView+WebCache.m in Sources */,
				D8C5EEC117AEA474008CFF51 /* NSData+GIF.m in Sources */,
				D8C5EEC217AEA474008CFF51 /* SDImageCache.m in Sources */,
				D8C5EEC317AEA474008CFF51 /* SDWebImageCompat.m in Sources */,
				D8C5EEC417AEA474008CFF51 /* SDWebImageDecoder.m in Sources */,
				D8C5EEC517AEA474008CFF51 /* SDWebImageDownloader.m in Sources */,
				D8C5EEC617AEA474008CFF51 /* SDWebImageDownloaderOperation.m in Sources */,
				D8C5EEC717AEA474008CFF51 /* SDWebImageManager.m in Sources */,
				D8C5EEC817AEA474008CFF51 /* SDWebImagePrefetcher.m in Sources */,
				D8C5EEC917AEA474008CFF51 /* UIButton+WebCache.m in Sources */,
				D8C5EECA17AEA474008CFF51 /* UIImage+GIF.m in Sources */,
				D8C5EECB17AEA474008CFF51 /* UIImage+MultiFormat.m in Sources */,
				D8C5EECC17AEA474008CFF51 /* UIImage+WebP.m in Sources */,
				D8C5EECD17AEA474008CFF51 /* UIImageView+WebCache.m in Sources */,
				D8C5EEE217AEA48D008CFF51 /* AFHTTPClient.m in Sources */,
				D8C5EEE317AEA48D008CFF51 /* AFHTTPRequestOperation.m in Sources */,
				D8C5EEE417AEA48D008CFF51 /* AFImageRequestOperation.m in Sources */,
				D8C5EEE517AEA48D008CFF51 /* AFJSONRequestOperation.m in Sources */,
				D8C5EEE617AEA48D008CFF51 /* AFNetworkActivityIndicatorManager.m in Sources */,
				D8C5EEE717AEA48D008CFF51 /* AFPropertyListRequestOperation.m in Sources */,
				D8C5EEE817AEA48D008CFF51 /* AFURLConnectionOperation.m in Sources */,
				D8C5EEE917AEA48D008CFF51 /* AFXMLRequestOperation.m in Sources */,
				D8C5EEEA17AEA48D008CFF51 /* UIImageView+AFNetworking.m in Sources */,
				D8C5EF9617AEA788008CFF51 /* AbstractViewController.m in Sources */,
				D8C5EF9C17AEA788008CFF51 /* ImageBackgroundViewController.m in Sources */,
				D8C5EF9D17AEA788008CFF51 /* LikesTableViewController.m in Sources */,
				D8C5EF9F17AEA788008CFF51 /* MenuViewController.m in Sources */,
				D8C5EFA017AEA788008CFF51 /* MoreOptionsViewController.m in Sources */,
				D8C5EFAB17AEA788008CFF51 /* NewsfeedTableViewController.m in Sources */,
				D8C5EFB017AEA788008CFF51 /* PostTableViewController.m in Sources */,
				D8C5EFB117AEA788008CFF51 /* PostViewController.m in Sources */,
				D8C5EFB217AEA788008CFF51 /* SignInViewController.m in Sources */,
				D8C5EFB317AEA788008CFF51 /* SignUpSignInViewController.m in Sources */,
				D8C5EFB417AEA788008CFF51 /* SignUpViewController.m in Sources */,
				D8C5EFB617AEA788008CFF51 /* UIResponder+Helper.m in Sources */,
				D8C5EFB917AEA788008CFF51 /* UserSettingsViewController.m in Sources */,
				D8C5EFBA17AEA788008CFF51 /* UserChangePasswordViewController.m in Sources */,
				D8C5EFE517AEA9A9008CFF51 /* CategoryCell.m in Sources */,
				D8C5EFE617AEA9A9008CFF51 /* CommentCell.m in Sources */,
				D8C5EFEA17AEA9A9008CFF51 /* MenuCell.m in Sources */,
				D8C5EFEB17AEA9A9008CFF51 /* NewsfeedCell.m in Sources */,
				D8C5EFEE17AEA9A9008CFF51 /* NewsfeedPostView.m in Sources */,
				D8C5EFEF17AEA9A9008CFF51 /* NewsfeedView.m in Sources */,
				D8C5EFF217AEA9A9008CFF51 /* UserCell.m in Sources */,
				D8C5EFF517AEAA0E008CFF51 /* ApplicationHelper.m in Sources */,
				D8C5F04A17AEAA2D008CFF51 /* CategoryAPI.m in Sources */,
				D8C5F04B17AEAA2D008CFF51 /* FeedAPI.m in Sources */,
				D8C5F04C17AEAA2D008CFF51 /* HashtagAPI.m in Sources */,
				D8C5F04D17AEAA2D008CFF51 /* PostAPI.m in Sources */,
				D8C5F04E17AEAA2D008CFF51 /* UserAPI.m in Sources */,
				D8C5F05017AEAA2D008CFF51 /* BaseAPI.m in Sources */,
				D8C5F05117AEAA2D008CFF51 /* BaseModel.m in Sources */,
				D8C5F05317AEAA2D008CFF51 /* Category+Create.m in Sources */,
				D8C5F05517AEAA2D008CFF51 /* Comment+Create.m in Sources */,
				D8C5F05817AEAA2D008CFF51 /* CoreDataFactory.m in Sources */,
				D8C5F05917AEAA2D008CFF51 /* CurrentUser.m in Sources */,
				D8C5F05A17AEAA2D008CFF51 /* DataModel.xcdatamodeld in Sources */,
				D8C5F06017AEAA2D008CFF51 /* Like+Create.m in Sources */,
				D8C5F06217AEAA2D008CFF51 /* Newsfeed+Activity.m in Sources */,
				D8C5F06617AEAA2D008CFF51 /* Photo.m in Sources */,
				D8C5F06817AEAA2D008CFF51 /* Picture+Create.m in Sources */,
				D8C5F06A17AEAA2D008CFF51 /* Post+Create.m in Sources */,
				D8C5F06B17AEAA2D008CFF51 /* Profile.m in Sources */,
				D8C5F06F17AEAA2D008CFF51 /* User+Create.m in Sources */,
				D8C5F07917AED65B008CFF51 /* CoreDataTableViewController.m in Sources */,
				D8C5F07F17AFEDF2008CFF51 /* SignUpTableController.m in Sources */,
				D8C5F08217B04C4C008CFF51 /* SignInTableController.m in Sources */,
				D8B1212717B2B21E00F68F59 /* OrganizationCategoryViewController.m in Sources */,
				D8B1214F17B5972200F68F59 /* AbstractUserAuthenticationViewController.m in Sources */,
				D8B1215517B5B34000F68F59 /* OrganizationsTableViewController.m in Sources */,
				D8B1215817B5B4ED00F68F59 /* OrganizationAPI.m in Sources */,
				D8B1215B17B6291600F68F59 /* Organization+Create.m in Sources */,
				D8B1216A17B65DB200F68F59 /* OrganizationCell.m in Sources */,
				D80F805C17B7DBAC00CC6303 /* UIViewController+Utility.m in Sources */,
				D80F805F17B7DDEF00CC6303 /* AbstractTableViewController.m in Sources */,
				D8EB950D17B81FB300D47D54 /* NewPostCaptionViewController.m in Sources */,
				D8EB951817B923E400D47D54 /* AAMLabel.m in Sources */,
				D8EB951E17BB9DBA00D47D54 /* UserProfileViewController.m in Sources */,
				D86BE01217BCD39A0045D2E1 /* Comment.m in Sources */,
				D86BE01517BCD39A0045D2E1 /* Newsfeed.m in Sources */,
				D86BE02117BF90F50045D2E1 /* UserViewController.m in Sources */,
				D86BE02417BF921B0045D2E1 /* UserEditViewController.m in Sources */,
				D86BE02D17C013BD0045D2E1 /* LandingPageViewController.m in Sources */,
				D86BE03417C0F68E0045D2E1 /* DiscoverOrganizationCell.m in Sources */,
				D86BE03717C111F40045D2E1 /* LikeCell.m in Sources */,
				D86BE03A17C114520045D2E1 /* OrganizationProfileCell.m in Sources */,
				D86BE04017C116010045D2E1 /* OrganizationProfileViewController.m in Sources */,
				D86BE04917C2794B0045D2E1 /* User.m in Sources */,
				D86BE05617C63F2E0045D2E1 /* AmazonViewController.m in Sources */,
				D86BE05917C65E860045D2E1 /* UploadPostCell.m in Sources */,
				D86BE05F17C7399F0045D2E1 /* AmazonAPI.m in Sources */,
				D86BE06217C876260045D2E1 /* Post.m in Sources */,
				D86BE06517C876400045D2E1 /* Picture.m in Sources */,
				D86BE06817C876660045D2E1 /* Like.m in Sources */,
				D86BE06B17C876820045D2E1 /* Organization.m in Sources */,
				D86BE06E17C876B90045D2E1 /* Category.m in Sources */,
			);
			runOnlyForDeploymentPostprocessing = 0;
		};
/* End PBXSourcesBuildPhase section */

/* Begin PBXVariantGroup section */
		D8C5EE7E17AEA184008CFF51 /* InfoPlist.strings */ = {
			isa = PBXVariantGroup;
			children = (
				D8C5EE7F17AEA184008CFF51 /* en */,
			);
			name = InfoPlist.strings;
			sourceTree = "<group>";
		};
/* End PBXVariantGroup section */

/* Begin XCBuildConfiguration section */
		D8C5EE9317AEA185008CFF51 /* Debug */ = {
			isa = XCBuildConfiguration;
			buildSettings = {
				ALWAYS_SEARCH_USER_PATHS = NO;
				CLANG_CXX_LANGUAGE_STANDARD = "gnu++0x";
				CLANG_CXX_LIBRARY = "libc++";
				CLANG_ENABLE_OBJC_ARC = YES;
				CLANG_WARN_CONSTANT_CONVERSION = YES;
				CLANG_WARN_EMPTY_BODY = YES;
				CLANG_WARN_ENUM_CONVERSION = YES;
				CLANG_WARN_INT_CONVERSION = YES;
				CLANG_WARN__DUPLICATE_METHOD_MATCH = YES;
				"CODE_SIGN_IDENTITY[sdk=iphoneos*]" = "iPhone Developer";
				COPY_PHASE_STRIP = NO;
				GCC_C_LANGUAGE_STANDARD = gnu99;
				GCC_DYNAMIC_NO_PIC = NO;
				GCC_OPTIMIZATION_LEVEL = 0;
				GCC_PREPROCESSOR_DEFINITIONS = (
					"DEBUG=1",
					"$(inherited)",
				);
				GCC_SYMBOLS_PRIVATE_EXTERN = NO;
				GCC_WARN_ABOUT_RETURN_TYPE = YES;
				GCC_WARN_UNINITIALIZED_AUTOS = YES;
				GCC_WARN_UNUSED_VARIABLE = YES;
				IPHONEOS_DEPLOYMENT_TARGET = 6.1;
				ONLY_ACTIVE_ARCH = YES;
				SDKROOT = iphoneos;
			};
			name = Debug;
		};
		D8C5EE9417AEA185008CFF51 /* Release */ = {
			isa = XCBuildConfiguration;
			buildSettings = {
				ALWAYS_SEARCH_USER_PATHS = NO;
				CLANG_CXX_LANGUAGE_STANDARD = "gnu++0x";
				CLANG_CXX_LIBRARY = "libc++";
				CLANG_ENABLE_OBJC_ARC = YES;
				CLANG_WARN_CONSTANT_CONVERSION = YES;
				CLANG_WARN_EMPTY_BODY = YES;
				CLANG_WARN_ENUM_CONVERSION = YES;
				CLANG_WARN_INT_CONVERSION = YES;
				CLANG_WARN__DUPLICATE_METHOD_MATCH = YES;
				"CODE_SIGN_IDENTITY[sdk=iphoneos*]" = "iPhone Developer";
				COPY_PHASE_STRIP = YES;
				GCC_C_LANGUAGE_STANDARD = gnu99;
				GCC_WARN_ABOUT_RETURN_TYPE = YES;
				GCC_WARN_UNINITIALIZED_AUTOS = YES;
				GCC_WARN_UNUSED_VARIABLE = YES;
				IPHONEOS_DEPLOYMENT_TARGET = 6.1;
				OTHER_CFLAGS = "-DNS_BLOCK_ASSERTIONS=1";
				SDKROOT = iphoneos;
				VALIDATE_PRODUCT = YES;
			};
			name = Release;
		};
		D8C5EE9617AEA185008CFF51 /* Debug */ = {
			isa = XCBuildConfiguration;
			buildSettings = {
				FRAMEWORK_SEARCH_PATHS = (
					"$(inherited)",
					"\"$(SRCROOT)\"",
					"\"$(SRCROOT)/GoodAroundMe/Classes/Lib\"",
				);
				GCC_PRECOMPILE_PREFIX_HEADER = YES;
				GCC_PREFIX_HEADER = "GoodAroundMe/GoodAroundMe-Prefix.pch";
				INFOPLIST_FILE = "GoodAroundMe/GoodAroundMe-Info.plist";
				PRODUCT_NAME = "$(TARGET_NAME)";
				WRAPPER_EXTENSION = app;
			};
			name = Debug;
		};
		D8C5EE9717AEA185008CFF51 /* Release */ = {
			isa = XCBuildConfiguration;
			buildSettings = {
				FRAMEWORK_SEARCH_PATHS = (
					"$(inherited)",
					"\"$(SRCROOT)\"",
					"\"$(SRCROOT)/GoodAroundMe/Classes/Lib\"",
				);
				GCC_PRECOMPILE_PREFIX_HEADER = YES;
				GCC_PREFIX_HEADER = "GoodAroundMe/GoodAroundMe-Prefix.pch";
				INFOPLIST_FILE = "GoodAroundMe/GoodAroundMe-Info.plist";
				PRODUCT_NAME = "$(TARGET_NAME)";
				WRAPPER_EXTENSION = app;
			};
			name = Release;
		};
/* End XCBuildConfiguration section */

/* Begin XCConfigurationList section */
		D8C5EE6D17AEA184008CFF51 /* Build configuration list for PBXProject "GoodAroundMe" */ = {
			isa = XCConfigurationList;
			buildConfigurations = (
				D8C5EE9317AEA185008CFF51 /* Debug */,
				D8C5EE9417AEA185008CFF51 /* Release */,
			);
			defaultConfigurationIsVisible = 0;
			defaultConfigurationName = Release;
		};
		D8C5EE9517AEA185008CFF51 /* Build configuration list for PBXNativeTarget "GoodAroundMe" */ = {
			isa = XCConfigurationList;
			buildConfigurations = (
				D8C5EE9617AEA185008CFF51 /* Debug */,
				D8C5EE9717AEA185008CFF51 /* Release */,
			);
			defaultConfigurationIsVisible = 0;
			defaultConfigurationName = Release;
		};
/* End XCConfigurationList section */

/* Begin XCVersionGroup section */
		D8C5F01817AEAA2C008CFF51 /* DataModel.xcdatamodeld */ = {
			isa = XCVersionGroup;
			children = (
				D8C5F01917AEAA2C008CFF51 /* DataModel.xcdatamodel */,
			);
			currentVersion = D8C5F01917AEAA2C008CFF51 /* DataModel.xcdatamodel */;
			path = DataModel.xcdatamodeld;
			sourceTree = "<group>";
			versionGroupType = wrapper.xcdatamodel;
		};
/* End XCVersionGroup section */
	};
	rootObject = D8C5EE6A17AEA184008CFF51 /* Project object */;
}
